// !$*UTF8*$!
{
	archiveVersion = 1;
	classes = {
	};
	objectVersion = 46;
	objects = {

/* Begin PBXBuildFile section */
		68D78D2A1A64B99900CC098A /* AppDelegate.swift in Sources */ = {isa = PBXBuildFile; fileRef = 68D78D291A64B99900CC098A /* AppDelegate.swift */; };
		68D78D2C1A64B99900CC098A /* ViewController.swift in Sources */ = {isa = PBXBuildFile; fileRef = 68D78D2B1A64B99900CC098A /* ViewController.swift */; };
		68D78D2F1A64B99900CC098A /* Main.storyboard in Resources */ = {isa = PBXBuildFile; fileRef = 68D78D2D1A64B99900CC098A /* Main.storyboard */; };
		68D78D311A64B99900CC098A /* Images.xcassets in Resources */ = {isa = PBXBuildFile; fileRef = 68D78D301A64B99900CC098A /* Images.xcassets */; };
		68D78D341A64B99900CC098A /* LaunchScreen.xib in Resources */ = {isa = PBXBuildFile; fileRef = 68D78D321A64B99900CC098A /* LaunchScreen.xib */; };
		68D78D401A64B99A00CC098A /* PausingTests.swift in Sources */ = {isa = PBXBuildFile; fileRef = 68D78D3F1A64B99A00CC098A /* PausingTests.swift */; };
		68D78D4A1A64B9C600CC098A /* GameObject.swift in Sources */ = {isa = PBXBuildFile; fileRef = 68D78D491A64B9C600CC098A /* GameObject.swift */; };
/* End PBXBuildFile section */

/* Begin PBXContainerItemProxy section */
		68D78D3A1A64B99A00CC098A /* PBXContainerItemProxy */ = {
			isa = PBXContainerItemProxy;
			containerPortal = 68D78D1C1A64B99900CC098A /* Project object */;
			proxyType = 1;
			remoteGlobalIDString = 68D78D231A64B99900CC098A;
			remoteInfo = Pausing;
		};
/* End PBXContainerItemProxy section */

/* Begin PBXFileReference section */
		68D78D241A64B99900CC098A /* Pausing.app */ = {isa = PBXFileReference; explicitFileType = wrapper.application; includeInIndex = 0; path = Pausing.app; sourceTree = BUILT_PRODUCTS_DIR; };
		68D78D281A64B99900CC098A /* Info.plist */ = {isa = PBXFileReference; lastKnownFileType = text.plist.xml; path = Info.plist; sourceTree = "<group>"; };
		68D78D291A64B99900CC098A /* AppDelegate.swift */ = {isa = PBXFileReference; lastKnownFileType = sourcecode.swift; path = AppDelegate.swift; sourceTree = "<group>"; };
		68D78D2B1A64B99900CC098A /* ViewController.swift */ = {isa = PBXFileReference; lastKnownFileType = sourcecode.swift; path = ViewController.swift; sourceTree = "<group>"; };
		68D78D2E1A64B99900CC098A /* Base */ = {isa = PBXFileReference; lastKnownFileType = file.storyboard; name = Base; path = Base.lproj/Main.storyboard; sourceTree = "<group>"; };
		68D78D301A64B99900CC098A /* Images.xcassets */ = {isa = PBXFileReference; lastKnownFileType = folder.assetcatalog; path = Images.xcassets; sourceTree = "<group>"; };
		68D78D331A64B99900CC098A /* Base */ = {isa = PBXFileReference; lastKnownFileType = file.xib; name = Base; path = Base.lproj/LaunchScreen.xib; sourceTree = "<group>"; };
		68D78D391A64B99A00CC098A /* PausingTests.xctest */ = {isa = PBXFileReference; explicitFileType = wrapper.cfbundle; includeInIndex = 0; path = PausingTests.xctest; sourceTree = BUILT_PRODUCTS_DIR; };
		68D78D3E1A64B99A00CC098A /* Info.plist */ = {isa = PBXFileReference; lastKnownFileType = text.plist.xml; path = Info.plist; sourceTree = "<group>"; };
		68D78D3F1A64B99A00CC098A /* PausingTests.swift */ = {isa = PBXFileReference; lastKnownFileType = sourcecode.swift; path = PausingTests.swift; sourceTree = "<group>"; };
		68D78D491A64B9C600CC098A /* GameObject.swift */ = {isa = PBXFileReference; fileEncoding = 4; lastKnownFileType = sourcecode.swift; path = GameObject.swift; sourceTree = "<group>"; };
/* End PBXFileReference section */

/* Begin PBXFrameworksBuildPhase section */
		68D78D211A64B99900CC098A /* Frameworks */ = {
			isa = PBXFrameworksBuildPhase;
			buildActionMask = 2147483647;
			files = (
			);
			runOnlyForDeploymentPostprocessing = 0;
		};
		68D78D361A64B99A00CC098A /* Frameworks */ = {
			isa = PBXFrameworksBuildPhase;
			buildActionMask = 2147483647;
			files = (
			);
			runOnlyForDeploymentPostprocessing = 0;
		};
/* End PBXFrameworksBuildPhase section */

/* Begin PBXGroup section */
		68D78D1B1A64B99900CC098A = {
			isa = PBXGroup;
			children = (
				68D78D261A64B99900CC098A /* Pausing */,
				68D78D3C1A64B99A00CC098A /* PausingTests */,
				68D78D251A64B99900CC098A /* Products */,
			);
			sourceTree = "<group>";
		};
		68D78D251A64B99900CC098A /* Products */ = {
			isa = PBXGroup;
			children = (
				68D78D241A64B99900CC098A /* Pausing.app */,
				68D78D391A64B99A00CC098A /* PausingTests.xctest */,
			);
			name = Products;
			sourceTree = "<group>";
		};
		68D78D261A64B99900CC098A /* Pausing */ = {
			isa = PBXGroup;
			children = (
				68D78D291A64B99900CC098A /* AppDelegate.swift */,
				68D78D2B1A64B99900CC098A /* ViewController.swift */,
				68D78D491A64B9C600CC098A /* GameObject.swift */,
				68D78D2D1A64B99900CC098A /* Main.storyboard */,
				68D78D301A64B99900CC098A /* Images.xcassets */,
				68D78D321A64B99900CC098A /* LaunchScreen.xib */,
				68D78D271A64B99900CC098A /* Supporting Files */,
			);
			path = Pausing;
			sourceTree = "<group>";
		};
		68D78D271A64B99900CC098A /* Supporting Files */ = {
			isa = PBXGroup;
			children = (
				68D78D281A64B99900CC098A /* Info.plist */,
			);
			name = "Supporting Files";
			sourceTree = "<group>";
		};
		68D78D3C1A64B99A00CC098A /* PausingTests */ = {
			isa = PBXGroup;
			children = (
				68D78D3F1A64B99A00CC098A /* PausingTests.swift */,
				68D78D3D1A64B99A00CC098A /* Supporting Files */,
			);
			path = PausingTests;
			sourceTree = "<group>";
		};
		68D78D3D1A64B99A00CC098A /* Supporting Files */ = {
			isa = PBXGroup;
			children = (
				68D78D3E1A64B99A00CC098A /* Info.plist */,
			);
			name = "Supporting Files";
			sourceTree = "<group>";
		};
/* End PBXGroup section */

/* Begin PBXNativeTarget section */
		68D78D231A64B99900CC098A /* Pausing */ = {
			isa = PBXNativeTarget;
			buildConfigurationList = 68D78D431A64B99A00CC098A /* Build configuration list for PBXNativeTarget "Pausing" */;
			buildPhases = (
				68D78D201A64B99900CC098A /* Sources */,
				68D78D211A64B99900CC098A /* Frameworks */,
				68D78D221A64B99900CC098A /* Resources */,
			);
			buildRules = (
			);
			dependencies = (
			);
			name = Pausing;
			productName = Pausing;
			productReference = 68D78D241A64B99900CC098A /* Pausing.app */;
			productType = "com.apple.product-type.application";
		};
		68D78D381A64B99A00CC098A /* PausingTests */ = {
			isa = PBXNativeTarget;
			buildConfigurationList = 68D78D461A64B99A00CC098A /* Build configuration list for PBXNativeTarget "PausingTests" */;
			buildPhases = (
				68D78D351A64B99A00CC098A /* Sources */,
				68D78D361A64B99A00CC098A /* Frameworks */,
				68D78D371A64B99A00CC098A /* Resources */,
			);
			buildRules = (
			);
			dependencies = (
				68D78D3B1A64B99A00CC098A /* PBXTargetDependency */,
			);
			name = PausingTests;
			productName = PausingTests;
			productReference = 68D78D391A64B99A00CC098A /* PausingTests.xctest */;
			productType = "com.apple.product-type.bundle.unit-test";
		};
/* End PBXNativeTarget section */

/* Begin PBXProject section */
		68D78D1C1A64B99900CC098A /* Project object */ = {
			isa = PBXProject;
			attributes = {
				LastUpgradeCheck = 0610;
				ORGANIZATIONNAME = "Secret Lab";
				TargetAttributes = {
					68D78D231A64B99900CC098A = {
						CreatedOnToolsVersion = 6.1.1;
					};
					68D78D381A64B99A00CC098A = {
						CreatedOnToolsVersion = 6.1.1;
						TestTargetID = 68D78D231A64B99900CC098A;
					};
				};
			};
			buildConfigurationList = 68D78D1F1A64B99900CC098A /* Build configuration list for PBXProject "Pausing" */;
			compatibilityVersion = "Xcode 3.2";
			developmentRegion = English;
			hasScannedForEncodings = 0;
			knownRegions = (
				en,
				Base,
			);
			mainGroup = 68D78D1B1A64B99900CC098A;
			productRefGroup = 68D78D251A64B99900CC098A /* Products */;
			projectDirPath = "";
			projectRoot = "";
			targets = (
				68D78D231A64B99900CC098A /* Pausing */,
				68D78D381A64B99A00CC098A /* PausingTests */,
			);
		};
/* End PBXProject section */

/* Begin PBXResourcesBuildPhase section */
		68D78D221A64B99900CC098A /* Resources */ = {
			isa = PBXResourcesBuildPhase;
			buildActionMask = 2147483647;
			files = (
				68D78D2F1A64B99900CC098A /* Main.storyboard in Resources */,
				68D78D341A64B99900CC098A /* LaunchScreen.xib in Resources */,
				68D78D311A64B99900CC098A /* Images.xcassets in Resources */,
			);
			runOnlyForDeploymentPostprocessing = 0;
		};
		68D78D371A64B99A00CC098A /* Resources */ = {
			isa = PBXResourcesBuildPhase;
			buildActionMask = 2147483647;
			files = (
			);
			runOnlyForDeploymentPostprocessing = 0;
		};
/* End PBXResourcesBuildPhase section */

/* Begin PBXSourcesBuildPhase section */
		68D78D201A64B99900CC098A /* Sources */ = {
			isa = PBXSourcesBuildPhase;
			buildActionMask = 2147483647;
			files = (
				68D78D2C1A64B99900CC098A /* ViewController.swift in Sources */,
				68D78D2A1A64B99900CC098A /* AppDelegate.swift in Sources */,
				68D78D4A1A64B9C600CC098A /* GameObject.swift in Sources */,
			);
			runOnlyForDeploymentPostprocessing = 0;
		};
		68D78D351A64B99A00CC098A /* Sources */ = {
			isa = PBXSourcesBuildPhase;
			buildActionMask = 2147483647;
			files = (
				68D78D401A64B99A00CC098A /* PausingTests.swift in Sources */,
			);
			runOnlyForDeploymentPostprocessing = 0;
		};
/* End PBXSourcesBuildPhase section */

/* Begin PBXTargetDependency section */
		68D78D3B1A64B99A00CC098A /* PBXTargetDependency */ = {
			isa = PBXTargetDependency;
			target = 68D78D231A64B99900CC098A /* Pausing */;
			targetProxy = 68D78D3A1A64B99A00CC098A /* PBXContainerItemProxy */;
		};
/* End PBXTargetDependency section */

/* Begin PBXVariantGroup section */
		68D78D2D1A64B99900CC098A /* Main.storyboard */ = {
			isa = PBXVariantGroup;
			children = (
				68D78D2E1A64B99900CC098A /* Base */,
			);
			name = Main.storyboard;
			sourceTree = "<group>";
		};
		68D78D321A64B99900CC098A /* LaunchScreen.xib */ = {
			isa = PBXVariantGroup;
			children = (
				68D78D331A64B99900CC098A /* Base */,
			);
			name = LaunchScreen.xib;
			sourceTree = "<group>";
		};
/* End PBXVariantGroup section */

/* Begin XCBuildConfiguration section */
		68D78D411A64B99A00CC098A /* Debug */ = {
			isa = XCBuildConfiguration;
			buildSettings = {
				ALWAYS_SEARCH_USER_PATHS = NO;
				CLANG_CXX_LANGUAGE_STANDARD = "gnu++0x";
				CLANG_CXX_LIBRARY = "libc++";
				CLANG_ENABLE_MODULES = YES;
				CLANG_ENABLE_OBJC_ARC = YES;
				CLANG_WARN_BOOL_CONVERSION = YES;
				CLANG_WARN_CONSTANT_CONVERSION = YES;
				CLANG_WARN_DIRECT_OBJC_ISA_USAGE = YES_ERROR;
				CLANG_WARN_EMPTY_BODY = YES;
				CLANG_WARN_ENUM_CONVERSION = YES;
				CLANG_WARN_INT_CONVERSION = YES;
				CLANG_WARN_OBJC_ROOT_CLASS = YES_ERROR;
				CLANG_WARN_UNREACHABLE_CODE = YES;
				CLANG_WARN__DUPLICATE_METHOD_MATCH = YES;
				"CODE_SIGN_IDENTITY[sdk=iphoneos*]" = "iPhone Developer";
				COPY_PHASE_STRIP = NO;
				ENABLE_STRICT_OBJC_MSGSEND = YES;
				GCC_C_LANGUAGE_STANDARD = gnu99;
				GCC_DYNAMIC_NO_PIC = NO;
				GCC_OPTIMIZATION_LEVEL = 0;
				GCC_PREPROCESSOR_DEFINITIONS = (
					"DEBUG=1",
					"$(inherited)",
				);
				GCC_SYMBOLS_PRIVATE_EXTERN = NO;
				GCC_WARN_64_TO_32_BIT_CONVERSION = YES;
				GCC_WARN_ABOUT_RETURN_TYPE = YES_ERROR;
				GCC_WARN_UNDECLARED_SELECTOR = YES;
				GCC_WARN_UNINITIALIZED_AUTOS = YES_AGGRESSIVE;
				GCC_WARN_UNUSED_FUNCTION = YES;
				GCC_WARN_UNUSED_VARIABLE = YES;
				IPHONEOS_DEPLOYMENT_TARGET = 8.1;
				MTL_ENABLE_DEBUG_INFO = YES;
				ONLY_ACTIVE_ARCH = YES;
				SDKROOT = iphoneos;
				SWIFT_OPTIMIZATION_LEVEL = "-Onone";
				TARGETED_DEVICE_FAMILY = 2;
			};
			name = Debug;
		};
		68D78D421A64B99A00CC098A /* Release */ = {
			isa = XCBuildConfiguration;
			buildSettings = {
				ALWAYS_SEARCH_USER_PATHS = NO;
				CLANG_CXX_LANGUAGE_STANDARD = "gnu++0x";
				CLANG_CXX_LIBRARY = "libc++";
				CLANG_ENABLE_MODULES = YES;
				CLANG_ENABLE_OBJC_ARC = YES;
				CLANG_WARN_BOOL_CONVERSION = YES;
				CLANG_WARN_CONSTANT_CONVERSION = YES;
				CLANG_WARN_DIRECT_OBJC_ISA_USAGE = YES_ERROR;
				CLANG_WARN_EMPTY_BODY = YES;
				CLANG_WARN_ENUM_CONVERSION = YES;
				CLANG_WARN_INT_CONVERSION = YES;
				CLANG_WARN_OBJC_ROOT_CLASS = YES_ERROR;
				CLANG_WARN_UNREACHABLE_CODE = YES;
				CLANG_WARN__DUPLICATE_METHOD_MATCH = YES;
				"CODE_SIGN_IDENTITY[sdk=iphoneos*]" = "iPhone Developer";
				COPY_PHASE_STRIP = YES;
				ENABLE_NS_ASSERTIONS = NO;
				ENABLE_STRICT_OBJC_MSGSEND = YES;
				GCC_C_LANGUAGE_STANDARD = gnu99;
				GCC_WARN_64_TO_32_BIT_CONVERSION = YES;
				GCC_WARN_ABOUT_RETURN_TYPE = YES_ERROR;
				GCC_WARN_UNDECLARED_SELECTOR = YES;
				GCC_WARN_UNINITIALIZED_AUTOS = YES_AGGRESSIVE;
				GCC_WARN_UNUSED_FUNCTION = YES;
				GCC_WARN_UNUSED_VARIABLE = YES;
				IPHONEOS_DEPLOYMENT_TARGET = 8.1;
				MTL_ENABLE_DEBUG_INFO = NO;
				SDKROOT = iphoneos;
				TARGETED_DEVICE_FAMILY = 2;
				VALIDATE_PRODUCT = YES;
			};
			name = Release;
		};
		68D78D441A64B99A00CC098A /* Debug */ = {
			isa = XCBuildConfiguration;
			buildSettings = {
				ASSETCATALOG_COMPILER_APPICON_NAME = AppIcon;
				INFOPLIST_FILE = Pausing/Info.plist;
				LD_RUNPATH_SEARCH_PATHS = "$(inherited) @executable_path/Frameworks";
				PRODUCT_NAME = "$(TARGET_NAME)";
			};
			name = Debug;
		};
		68D78D451A64B99A00CC098A /* Release */ = {
			isa = XCBuildConfiguration;
			buildSettings = {
				ASSETCATALOG_COMPILER_APPICON_NAME = AppIcon;
				INFOPLIST_FILE = Pausing/Info.plist;
				LD_RUNPATH_SEARCH_PATHS = "$(inherited) @executable_path/Frameworks";
				PRODUCT_NAME = "$(TARGET_NAME)";
			};
			name = Release;
		};
		68D78D471A64B99A00CC098A /* Debug */ = {
			isa = XCBuildConfiguration;
			buildSettings = {
				BUNDLE_LOADER = "$(TEST_HOST)";
				FRAMEWORK_SEARCH_PATHS = (
					"$(SDKROOT)/Developer/Library/Frameworks",
					"$(inherited)",
				);
				GCC_PREPROCESSOR_DEFINITIONS = (
					"DEBUG=1",
					"$(inherited)",
				);
				INFOPLIST_FILE = PausingTests/Info.plist;
				LD_RUNPATH_SEARCH_PATHS = "$(inherited) @executable_path/Frameworks @loader_path/Frameworks";
				PRODUCT_NAME = "$(TARGET_NAME)";
				TEST_HOST = "$(BUILT_PRODUCTS_DIR)/Pausing.app/Pausing";
			};
			name = Debug;
		};
		68D78D481A64B99A00CC098A /* Release */ = {
			isa = XCBuildConfiguration;
			buildSettings = {
				BUNDLE_LOADER = "$(TEST_HOST)";
				FRAMEWORK_SEARCH_PATHS = (
					"$(SDKROOT)/Developer/Library/Frameworks",
					"$(inherited)",
				);
				INFOPLIST_FILE = PausingTests/Info.plist;
				LD_RUNPATH_SEARCH_PATHS = "$(inherited) @executable_path/Frameworks @loader_path/Frameworks";
				PRODUCT_NAME = "$(TARGET_NAME)";
				TEST_HOST = "$(BUILT_PRODUCTS_DIR)/Pausing.app/Pausing";
			};
			name = Release;
		};
/* End XCBuildConfiguration section */

/* Begin XCConfigurationList section */
		68D78D1F1A64B99900CC098A /* Build configuration list for PBXProject "Pausing" */ = {
			isa = XCConfigurationList;
			buildConfigurations = (
				68D78D411A64B99A00CC098A /* Debug */,
				68D78D421A64B99A00CC098A /* Release */,
			);
			defaultConfigurationIsVisible = 0;
			defaultConfigurationName = Release;
		};
		68D78D431A64B99A00CC098A /* Build configuration list for PBXNativeTarget "Pausing" */ = {
			isa = XCConfigurationList;
			buildConfigurations = (
				68D78D441A64B99A00CC098A /* Debug */,
				68D78D451A64B99A00CC098A /* Release */,
			);
			defaultConfigurationIsVisible = 0;
			defaultConfigurationName = Release;
		};
		68D78D461A64B99A00CC098A /* Build configuration list for PBXNativeTarget "PausingTests" */ = {
			isa = XCConfigurationList;
			buildConfigurations = (
				68D78D471A64B99A00CC098A /* Debug */,
				68D78D481A64B99A00CC098A /* Release */,
			);
			defaultConfigurationIsVisible = 0;
			defaultConfigurationName = Release;
		};
/* End XCConfigurationList section */
	};
	rootObject = 68D78D1C1A64B99900CC098A /* Project object */;
}
