// !$*UTF8*$!
{
	archiveVersion = 1;
	classes = {
	};
	objectVersion = 46;
	objects = {

/* Begin PBXBuildFile section */
		6817E1C61A64DD5500C5C98B /* AppDelegate.swift in Sources */ = {isa = PBXBuildFile; fileRef = 6817E1C51A64DD5500C5C98B /* AppDelegate.swift */; };
		6817E1C81A64DD5500C5C98B /* ViewController.swift in Sources */ = {isa = PBXBuildFile; fileRef = 6817E1C71A64DD5500C5C98B /* ViewController.swift */; };
		6817E1CB1A64DD5500C5C98B /* Main.storyboard in Resources */ = {isa = PBXBuildFile; fileRef = 6817E1C91A64DD5500C5C98B /* Main.storyboard */; };
		6817E1CD1A64DD5500C5C98B /* Images.xcassets in Resources */ = {isa = PBXBuildFile; fileRef = 6817E1CC1A64DD5500C5C98B /* Images.xcassets */; };
		6817E1D01A64DD5500C5C98B /* LaunchScreen.xib in Resources */ = {isa = PBXBuildFile; fileRef = 6817E1CE1A64DD5500C5C98B /* LaunchScreen.xib */; };
		6817E1DC1A64DD5500C5C98B /* GridTests.swift in Sources */ = {isa = PBXBuildFile; fileRef = 6817E1DB1A64DD5500C5C98B /* GridTests.swift */; };
		6817E1E61A64DD8500C5C98B /* Grid.swift in Sources */ = {isa = PBXBuildFile; fileRef = 6817E1E51A64DD8500C5C98B /* Grid.swift */; };
/* End PBXBuildFile section */

/* Begin PBXContainerItemProxy section */
		6817E1D61A64DD5500C5C98B /* PBXContainerItemProxy */ = {
			isa = PBXContainerItemProxy;
			containerPortal = 6817E1B81A64DD5400C5C98B /* Project object */;
			proxyType = 1;
			remoteGlobalIDString = 6817E1BF1A64DD5500C5C98B;
			remoteInfo = Grid;
		};
/* End PBXContainerItemProxy section */

/* Begin PBXFileReference section */
		6817E1C01A64DD5500C5C98B /* Grid.app */ = {isa = PBXFileReference; explicitFileType = wrapper.application; includeInIndex = 0; path = Grid.app; sourceTree = BUILT_PRODUCTS_DIR; };
		6817E1C41A64DD5500C5C98B /* Info.plist */ = {isa = PBXFileReference; lastKnownFileType = text.plist.xml; path = Info.plist; sourceTree = "<group>"; };
		6817E1C51A64DD5500C5C98B /* AppDelegate.swift */ = {isa = PBXFileReference; lastKnownFileType = sourcecode.swift; path = AppDelegate.swift; sourceTree = "<group>"; };
		6817E1C71A64DD5500C5C98B /* ViewController.swift */ = {isa = PBXFileReference; lastKnownFileType = sourcecode.swift; path = ViewController.swift; sourceTree = "<group>"; };
		6817E1CA1A64DD5500C5C98B /* Base */ = {isa = PBXFileReference; lastKnownFileType = file.storyboard; name = Base; path = Base.lproj/Main.storyboard; sourceTree = "<group>"; };
		6817E1CC1A64DD5500C5C98B /* Images.xcassets */ = {isa = PBXFileReference; lastKnownFileType = folder.assetcatalog; path = Images.xcassets; sourceTree = "<group>"; };
		6817E1CF1A64DD5500C5C98B /* Base */ = {isa = PBXFileReference; lastKnownFileType = file.xib; name = Base; path = Base.lproj/LaunchScreen.xib; sourceTree = "<group>"; };
		6817E1D51A64DD5500C5C98B /* GridTests.xctest */ = {isa = PBXFileReference; explicitFileType = wrapper.cfbundle; includeInIndex = 0; path = GridTests.xctest; sourceTree = BUILT_PRODUCTS_DIR; };
		6817E1DA1A64DD5500C5C98B /* Info.plist */ = {isa = PBXFileReference; lastKnownFileType = text.plist.xml; path = Info.plist; sourceTree = "<group>"; };
		6817E1DB1A64DD5500C5C98B /* GridTests.swift */ = {isa = PBXFileReference; lastKnownFileType = sourcecode.swift; path = GridTests.swift; sourceTree = "<group>"; };
		6817E1E51A64DD8500C5C98B /* Grid.swift */ = {isa = PBXFileReference; fileEncoding = 4; lastKnownFileType = sourcecode.swift; name = Grid.swift; path = ../../grid/Grid/Grid.swift; sourceTree = "<group>"; };
/* End PBXFileReference section */

/* Begin PBXFrameworksBuildPhase section */
		6817E1BD1A64DD5500C5C98B /* Frameworks */ = {
			isa = PBXFrameworksBuildPhase;
			buildActionMask = 2147483647;
			files = (
			);
			runOnlyForDeploymentPostprocessing = 0;
		};
		6817E1D21A64DD5500C5C98B /* Frameworks */ = {
			isa = PBXFrameworksBuildPhase;
			buildActionMask = 2147483647;
			files = (
			);
			runOnlyForDeploymentPostprocessing = 0;
		};
/* End PBXFrameworksBuildPhase section */

/* Begin PBXGroup section */
		6817E1B71A64DD5400C5C98B = {
			isa = PBXGroup;
			children = (
				6817E1C21A64DD5500C5C98B /* Grid */,
				6817E1D81A64DD5500C5C98B /* GridTests */,
				6817E1C11A64DD5500C5C98B /* Products */,
			);
			sourceTree = "<group>";
		};
		6817E1C11A64DD5500C5C98B /* Products */ = {
			isa = PBXGroup;
			children = (
				6817E1C01A64DD5500C5C98B /* Grid.app */,
				6817E1D51A64DD5500C5C98B /* GridTests.xctest */,
			);
			name = Products;
			sourceTree = "<group>";
		};
		6817E1C21A64DD5500C5C98B /* Grid */ = {
			isa = PBXGroup;
			children = (
				6817E1C51A64DD5500C5C98B /* AppDelegate.swift */,
				6817E1C71A64DD5500C5C98B /* ViewController.swift */,
				6817E1C91A64DD5500C5C98B /* Main.storyboard */,
				6817E1CC1A64DD5500C5C98B /* Images.xcassets */,
				6817E1CE1A64DD5500C5C98B /* LaunchScreen.xib */,
				6817E1C31A64DD5500C5C98B /* Supporting Files */,
				6817E1E51A64DD8500C5C98B /* Grid.swift */,
			);
			path = Grid;
			sourceTree = "<group>";
		};
		6817E1C31A64DD5500C5C98B /* Supporting Files */ = {
			isa = PBXGroup;
			children = (
				6817E1C41A64DD5500C5C98B /* Info.plist */,
			);
			name = "Supporting Files";
			sourceTree = "<group>";
		};
		6817E1D81A64DD5500C5C98B /* GridTests */ = {
			isa = PBXGroup;
			children = (
				6817E1DB1A64DD5500C5C98B /* GridTests.swift */,
				6817E1D91A64DD5500C5C98B /* Supporting Files */,
			);
			path = GridTests;
			sourceTree = "<group>";
		};
		6817E1D91A64DD5500C5C98B /* Supporting Files */ = {
			isa = PBXGroup;
			children = (
				6817E1DA1A64DD5500C5C98B /* Info.plist */,
			);
			name = "Supporting Files";
			sourceTree = "<group>";
		};
/* End PBXGroup section */

/* Begin PBXNativeTarget section */
		6817E1BF1A64DD5500C5C98B /* Grid */ = {
			isa = PBXNativeTarget;
			buildConfigurationList = 6817E1DF1A64DD5500C5C98B /* Build configuration list for PBXNativeTarget "Grid" */;
			buildPhases = (
				6817E1BC1A64DD5500C5C98B /* Sources */,
				6817E1BD1A64DD5500C5C98B /* Frameworks */,
				6817E1BE1A64DD5500C5C98B /* Resources */,
			);
			buildRules = (
			);
			dependencies = (
			);
			name = Grid;
			productName = Grid;
			productReference = 6817E1C01A64DD5500C5C98B /* Grid.app */;
			productType = "com.apple.product-type.application";
		};
		6817E1D41A64DD5500C5C98B /* GridTests */ = {
			isa = PBXNativeTarget;
			buildConfigurationList = 6817E1E21A64DD5500C5C98B /* Build configuration list for PBXNativeTarget "GridTests" */;
			buildPhases = (
				6817E1D11A64DD5500C5C98B /* Sources */,
				6817E1D21A64DD5500C5C98B /* Frameworks */,
				6817E1D31A64DD5500C5C98B /* Resources */,
			);
			buildRules = (
			);
			dependencies = (
				6817E1D71A64DD5500C5C98B /* PBXTargetDependency */,
			);
			name = GridTests;
			productName = GridTests;
			productReference = 6817E1D51A64DD5500C5C98B /* GridTests.xctest */;
			productType = "com.apple.product-type.bundle.unit-test";
		};
/* End PBXNativeTarget section */

/* Begin PBXProject section */
		6817E1B81A64DD5400C5C98B /* Project object */ = {
			isa = PBXProject;
			attributes = {
				LastUpgradeCheck = 0610;
				ORGANIZATIONNAME = "Secret Lab";
				TargetAttributes = {
					6817E1BF1A64DD5500C5C98B = {
						CreatedOnToolsVersion = 6.1.1;
					};
					6817E1D41A64DD5500C5C98B = {
						CreatedOnToolsVersion = 6.1.1;
						TestTargetID = 6817E1BF1A64DD5500C5C98B;
					};
				};
			};
			buildConfigurationList = 6817E1BB1A64DD5500C5C98B /* Build configuration list for PBXProject "Grid" */;
			compatibilityVersion = "Xcode 3.2";
			developmentRegion = English;
			hasScannedForEncodings = 0;
			knownRegions = (
				en,
				Base,
			);
			mainGroup = 6817E1B71A64DD5400C5C98B;
			productRefGroup = 6817E1C11A64DD5500C5C98B /* Products */;
			projectDirPath = "";
			projectRoot = "";
			targets = (
				6817E1BF1A64DD5500C5C98B /* Grid */,
				6817E1D41A64DD5500C5C98B /* GridTests */,
			);
		};
/* End PBXProject section */

/* Begin PBXResourcesBuildPhase section */
		6817E1BE1A64DD5500C5C98B /* Resources */ = {
			isa = PBXResourcesBuildPhase;
			buildActionMask = 2147483647;
			files = (
				6817E1CB1A64DD5500C5C98B /* Main.storyboard in Resources */,
				6817E1D01A64DD5500C5C98B /* LaunchScreen.xib in Resources */,
				6817E1CD1A64DD5500C5C98B /* Images.xcassets in Resources */,
			);
			runOnlyForDeploymentPostprocessing = 0;
		};
		6817E1D31A64DD5500C5C98B /* Resources */ = {
			isa = PBXResourcesBuildPhase;
			buildActionMask = 2147483647;
			files = (
			);
			runOnlyForDeploymentPostprocessing = 0;
		};
/* End PBXResourcesBuildPhase section */

/* Begin PBXSourcesBuildPhase section */
		6817E1BC1A64DD5500C5C98B /* Sources */ = {
			isa = PBXSourcesBuildPhase;
			buildActionMask = 2147483647;
			files = (
				6817E1C81A64DD5500C5C98B /* ViewController.swift in Sources */,
				6817E1C61A64DD5500C5C98B /* AppDelegate.swift in Sources */,
				6817E1E61A64DD8500C5C98B /* Grid.swift in Sources */,
			);
			runOnlyForDeploymentPostprocessing = 0;
		};
		6817E1D11A64DD5500C5C98B /* Sources */ = {
			isa = PBXSourcesBuildPhase;
			buildActionMask = 2147483647;
			files = (
				6817E1DC1A64DD5500C5C98B /* GridTests.swift in Sources */,
			);
			runOnlyForDeploymentPostprocessing = 0;
		};
/* End PBXSourcesBuildPhase section */

/* Begin PBXTargetDependency section */
		6817E1D71A64DD5500C5C98B /* PBXTargetDependency */ = {
			isa = PBXTargetDependency;
			target = 6817E1BF1A64DD5500C5C98B /* Grid */;
			targetProxy = 6817E1D61A64DD5500C5C98B /* PBXContainerItemProxy */;
		};
/* End PBXTargetDependency section */

/* Begin PBXVariantGroup section */
		6817E1C91A64DD5500C5C98B /* Main.storyboard */ = {
			isa = PBXVariantGroup;
			children = (
				6817E1CA1A64DD5500C5C98B /* Base */,
			);
			name = Main.storyboard;
			sourceTree = "<group>";
		};
		6817E1CE1A64DD5500C5C98B /* LaunchScreen.xib */ = {
			isa = PBXVariantGroup;
			children = (
				6817E1CF1A64DD5500C5C98B /* Base */,
			);
			name = LaunchScreen.xib;
			sourceTree = "<group>";
		};
/* End PBXVariantGroup section */

/* Begin XCBuildConfiguration section */
		6817E1DD1A64DD5500C5C98B /* Debug */ = {
			isa = XCBuildConfiguration;
			buildSettings = {
				ALWAYS_SEARCH_USER_PATHS = NO;
				CLANG_CXX_LANGUAGE_STANDARD = "gnu++0x";
				CLANG_CXX_LIBRARY = "libc++";
				CLANG_ENABLE_MODULES = YES;
				CLANG_ENABLE_OBJC_ARC = YES;
				CLANG_WARN_BOOL_CONVERSION = YES;
				CLANG_WARN_CONSTANT_CONVERSION = YES;
				CLANG_WARN_DIRECT_OBJC_ISA_USAGE = YES_ERROR;
				CLANG_WARN_EMPTY_BODY = YES;
				CLANG_WARN_ENUM_CONVERSION = YES;
				CLANG_WARN_INT_CONVERSION = YES;
				CLANG_WARN_OBJC_ROOT_CLASS = YES_ERROR;
				CLANG_WARN_UNREACHABLE_CODE = YES;
				CLANG_WARN__DUPLICATE_METHOD_MATCH = YES;
				"CODE_SIGN_IDENTITY[sdk=iphoneos*]" = "iPhone Developer";
				COPY_PHASE_STRIP = NO;
				ENABLE_STRICT_OBJC_MSGSEND = YES;
				GCC_C_LANGUAGE_STANDARD = gnu99;
				GCC_DYNAMIC_NO_PIC = NO;
				GCC_OPTIMIZATION_LEVEL = 0;
				GCC_PREPROCESSOR_DEFINITIONS = (
					"DEBUG=1",
					"$(inherited)",
				);
				GCC_SYMBOLS_PRIVATE_EXTERN = NO;
				GCC_WARN_64_TO_32_BIT_CONVERSION = YES;
				GCC_WARN_ABOUT_RETURN_TYPE = YES_ERROR;
				GCC_WARN_UNDECLARED_SELECTOR = YES;
				GCC_WARN_UNINITIALIZED_AUTOS = YES_AGGRESSIVE;
				GCC_WARN_UNUSED_FUNCTION = YES;
				GCC_WARN_UNUSED_VARIABLE = YES;
				IPHONEOS_DEPLOYMENT_TARGET = 8.1;
				MTL_ENABLE_DEBUG_INFO = YES;
				ONLY_ACTIVE_ARCH = YES;
				SDKROOT = iphoneos;
				SWIFT_OPTIMIZATION_LEVEL = "-Onone";
				TARGETED_DEVICE_FAMILY = 2;
			};
			name = Debug;
		};
		6817E1DE1A64DD5500C5C98B /* Release */ = {
			isa = XCBuildConfiguration;
			buildSettings = {
				ALWAYS_SEARCH_USER_PATHS = NO;
				CLANG_CXX_LANGUAGE_STANDARD = "gnu++0x";
				CLANG_CXX_LIBRARY = "libc++";
				CLANG_ENABLE_MODULES = YES;
				CLANG_ENABLE_OBJC_ARC = YES;
				CLANG_WARN_BOOL_CONVERSION = YES;
				CLANG_WARN_CONSTANT_CONVERSION = YES;
				CLANG_WARN_DIRECT_OBJC_ISA_USAGE = YES_ERROR;
				CLANG_WARN_EMPTY_BODY = YES;
				CLANG_WARN_ENUM_CONVERSION = YES;
				CLANG_WARN_INT_CONVERSION = YES;
				CLANG_WARN_OBJC_ROOT_CLASS = YES_ERROR;
				CLANG_WARN_UNREACHABLE_CODE = YES;
				CLANG_WARN__DUPLICATE_METHOD_MATCH = YES;
				"CODE_SIGN_IDENTITY[sdk=iphoneos*]" = "iPhone Developer";
				COPY_PHASE_STRIP = YES;
				ENABLE_NS_ASSERTIONS = NO;
				ENABLE_STRICT_OBJC_MSGSEND = YES;
				GCC_C_LANGUAGE_STANDARD = gnu99;
				GCC_WARN_64_TO_32_BIT_CONVERSION = YES;
				GCC_WARN_ABOUT_RETURN_TYPE = YES_ERROR;
				GCC_WARN_UNDECLARED_SELECTOR = YES;
				GCC_WARN_UNINITIALIZED_AUTOS = YES_AGGRESSIVE;
				GCC_WARN_UNUSED_FUNCTION = YES;
				GCC_WARN_UNUSED_VARIABLE = YES;
				IPHONEOS_DEPLOYMENT_TARGET = 8.1;
				MTL_ENABLE_DEBUG_INFO = NO;
				SDKROOT = iphoneos;
				TARGETED_DEVICE_FAMILY = 2;
				VALIDATE_PRODUCT = YES;
			};
			name = Release;
		};
		6817E1E01A64DD5500C5C98B /* Debug */ = {
			isa = XCBuildConfiguration;
			buildSettings = {
				ASSETCATALOG_COMPILER_APPICON_NAME = AppIcon;
				INFOPLIST_FILE = Grid/Info.plist;
				LD_RUNPATH_SEARCH_PATHS = "$(inherited) @executable_path/Frameworks";
				PRODUCT_NAME = "$(TARGET_NAME)";
			};
			name = Debug;
		};
		6817E1E11A64DD5500C5C98B /* Release */ = {
			isa = XCBuildConfiguration;
			buildSettings = {
				ASSETCATALOG_COMPILER_APPICON_NAME = AppIcon;
				INFOPLIST_FILE = Grid/Info.plist;
				LD_RUNPATH_SEARCH_PATHS = "$(inherited) @executable_path/Frameworks";
				PRODUCT_NAME = "$(TARGET_NAME)";
			};
			name = Release;
		};
		6817E1E31A64DD5500C5C98B /* Debug */ = {
			isa = XCBuildConfiguration;
			buildSettings = {
				BUNDLE_LOADER = "$(TEST_HOST)";
				FRAMEWORK_SEARCH_PATHS = (
					"$(SDKROOT)/Developer/Library/Frameworks",
					"$(inherited)",
				);
				GCC_PREPROCESSOR_DEFINITIONS = (
					"DEBUG=1",
					"$(inherited)",
				);
				INFOPLIST_FILE = GridTests/Info.plist;
				LD_RUNPATH_SEARCH_PATHS = "$(inherited) @executable_path/Frameworks @loader_path/Frameworks";
				PRODUCT_NAME = "$(TARGET_NAME)";
				TEST_HOST = "$(BUILT_PRODUCTS_DIR)/Grid.app/Grid";
			};
			name = Debug;
		};
		6817E1E41A64DD5500C5C98B /* Release */ = {
			isa = XCBuildConfiguration;
			buildSettings = {
				BUNDLE_LOADER = "$(TEST_HOST)";
				FRAMEWORK_SEARCH_PATHS = (
					"$(SDKROOT)/Developer/Library/Frameworks",
					"$(inherited)",
				);
				INFOPLIST_FILE = GridTests/Info.plist;
				LD_RUNPATH_SEARCH_PATHS = "$(inherited) @executable_path/Frameworks @loader_path/Frameworks";
				PRODUCT_NAME = "$(TARGET_NAME)";
				TEST_HOST = "$(BUILT_PRODUCTS_DIR)/Grid.app/Grid";
			};
			name = Release;
		};
/* End XCBuildConfiguration section */

/* Begin XCConfigurationList section */
		6817E1BB1A64DD5500C5C98B /* Build configuration list for PBXProject "Grid" */ = {
			isa = XCConfigurationList;
			buildConfigurations = (
				6817E1DD1A64DD5500C5C98B /* Debug */,
				6817E1DE1A64DD5500C5C98B /* Release */,
			);
			defaultConfigurationIsVisible = 0;
			defaultConfigurationName = Release;
		};
		6817E1DF1A64DD5500C5C98B /* Build configuration list for PBXNativeTarget "Grid" */ = {
			isa = XCConfigurationList;
			buildConfigurations = (
				6817E1E01A64DD5500C5C98B /* Debug */,
				6817E1E11A64DD5500C5C98B /* Release */,
			);
			defaultConfigurationIsVisible = 0;
		};
		6817E1E21A64DD5500C5C98B /* Build configuration list for PBXNativeTarget "GridTests" */ = {
			isa = XCConfigurationList;
			buildConfigurations = (
				6817E1E31A64DD5500C5C98B /* Debug */,
				6817E1E41A64DD5500C5C98B /* Release */,
			);
			defaultConfigurationIsVisible = 0;
		};
/* End XCConfigurationList section */
	};
	rootObject = 6817E1B81A64DD5400C5C98B /* Project object */;
}
