// !$*UTF8*$!
{
	archiveVersion = 1;
	classes = {
	};
	objectVersion = 46;
	objects = {

/* Begin PBXBuildFile section */
		68D5E6FE1A942A3A00A3BA43 /* AppDelegate.swift in Sources */ = {isa = PBXBuildFile; fileRef = 68D5E6FD1A942A3A00A3BA43 /* AppDelegate.swift */; };
		68D5E7001A942A3A00A3BA43 /* ViewController.swift in Sources */ = {isa = PBXBuildFile; fileRef = 68D5E6FF1A942A3A00A3BA43 /* ViewController.swift */; };
		68D5E7031A942A3A00A3BA43 /* Main.storyboard in Resources */ = {isa = PBXBuildFile; fileRef = 68D5E7011A942A3A00A3BA43 /* Main.storyboard */; };
		68D5E7051A942A3A00A3BA43 /* Images.xcassets in Resources */ = {isa = PBXBuildFile; fileRef = 68D5E7041A942A3A00A3BA43 /* Images.xcassets */; };
		68D5E7081A942A3A00A3BA43 /* LaunchScreen.xib in Resources */ = {isa = PBXBuildFile; fileRef = 68D5E7061A942A3A00A3BA43 /* LaunchScreen.xib */; };
		68D5E7141A942A3A00A3BA43 /* GameCenterTests.swift in Sources */ = {isa = PBXBuildFile; fileRef = 68D5E7131A942A3A00A3BA43 /* GameCenterTests.swift */; };
		68D5E71E1A942D0300A3BA43 /* GameKit.framework in Frameworks */ = {isa = PBXBuildFile; fileRef = 68D5E71D1A942D0300A3BA43 /* GameKit.framework */; };
/* End PBXBuildFile section */

/* Begin PBXContainerItemProxy section */
		68D5E70E1A942A3A00A3BA43 /* PBXContainerItemProxy */ = {
			isa = PBXContainerItemProxy;
			containerPortal = 68D5E6F01A942A3A00A3BA43 /* Project object */;
			proxyType = 1;
			remoteGlobalIDString = 68D5E6F71A942A3A00A3BA43;
			remoteInfo = GameCenter;
		};
/* End PBXContainerItemProxy section */

/* Begin PBXFileReference section */
		68D5E6F81A942A3A00A3BA43 /* GameCenter.app */ = {isa = PBXFileReference; explicitFileType = wrapper.application; includeInIndex = 0; path = GameCenter.app; sourceTree = BUILT_PRODUCTS_DIR; };
		68D5E6FC1A942A3A00A3BA43 /* Info.plist */ = {isa = PBXFileReference; lastKnownFileType = text.plist.xml; path = Info.plist; sourceTree = "<group>"; };
		68D5E6FD1A942A3A00A3BA43 /* AppDelegate.swift */ = {isa = PBXFileReference; lastKnownFileType = sourcecode.swift; path = AppDelegate.swift; sourceTree = "<group>"; };
		68D5E6FF1A942A3A00A3BA43 /* ViewController.swift */ = {isa = PBXFileReference; lastKnownFileType = sourcecode.swift; path = ViewController.swift; sourceTree = "<group>"; };
		68D5E7021A942A3A00A3BA43 /* Base */ = {isa = PBXFileReference; lastKnownFileType = file.storyboard; name = Base; path = Base.lproj/Main.storyboard; sourceTree = "<group>"; };
		68D5E7041A942A3A00A3BA43 /* Images.xcassets */ = {isa = PBXFileReference; lastKnownFileType = folder.assetcatalog; path = Images.xcassets; sourceTree = "<group>"; };
		68D5E7071A942A3A00A3BA43 /* Base */ = {isa = PBXFileReference; lastKnownFileType = file.xib; name = Base; path = Base.lproj/LaunchScreen.xib; sourceTree = "<group>"; };
		68D5E70D1A942A3A00A3BA43 /* GameCenterTests.xctest */ = {isa = PBXFileReference; explicitFileType = wrapper.cfbundle; includeInIndex = 0; path = GameCenterTests.xctest; sourceTree = BUILT_PRODUCTS_DIR; };
		68D5E7121A942A3A00A3BA43 /* Info.plist */ = {isa = PBXFileReference; lastKnownFileType = text.plist.xml; path = Info.plist; sourceTree = "<group>"; };
		68D5E7131A942A3A00A3BA43 /* GameCenterTests.swift */ = {isa = PBXFileReference; lastKnownFileType = sourcecode.swift; path = GameCenterTests.swift; sourceTree = "<group>"; };
		68D5E71D1A942D0300A3BA43 /* GameKit.framework */ = {isa = PBXFileReference; lastKnownFileType = wrapper.framework; name = GameKit.framework; path = System/Library/Frameworks/GameKit.framework; sourceTree = SDKROOT; };
/* End PBXFileReference section */

/* Begin PBXFrameworksBuildPhase section */
		68D5E6F51A942A3A00A3BA43 /* Frameworks */ = {
			isa = PBXFrameworksBuildPhase;
			buildActionMask = 2147483647;
			files = (
				68D5E71E1A942D0300A3BA43 /* GameKit.framework in Frameworks */,
			);
			runOnlyForDeploymentPostprocessing = 0;
		};
		68D5E70A1A942A3A00A3BA43 /* Frameworks */ = {
			isa = PBXFrameworksBuildPhase;
			buildActionMask = 2147483647;
			files = (
			);
			runOnlyForDeploymentPostprocessing = 0;
		};
/* End PBXFrameworksBuildPhase section */

/* Begin PBXGroup section */
		68D5E6EF1A942A3A00A3BA43 = {
			isa = PBXGroup;
			children = (
				68D5E71D1A942D0300A3BA43 /* GameKit.framework */,
				68D5E6FA1A942A3A00A3BA43 /* GameCenter */,
				68D5E7101A942A3A00A3BA43 /* GameCenterTests */,
				68D5E6F91A942A3A00A3BA43 /* Products */,
			);
			sourceTree = "<group>";
		};
		68D5E6F91A942A3A00A3BA43 /* Products */ = {
			isa = PBXGroup;
			children = (
				68D5E6F81A942A3A00A3BA43 /* GameCenter.app */,
				68D5E70D1A942A3A00A3BA43 /* GameCenterTests.xctest */,
			);
			name = Products;
			sourceTree = "<group>";
		};
		68D5E6FA1A942A3A00A3BA43 /* GameCenter */ = {
			isa = PBXGroup;
			children = (
				68D5E6FD1A942A3A00A3BA43 /* AppDelegate.swift */,
				68D5E6FF1A942A3A00A3BA43 /* ViewController.swift */,
				68D5E7011A942A3A00A3BA43 /* Main.storyboard */,
				68D5E7041A942A3A00A3BA43 /* Images.xcassets */,
				68D5E7061A942A3A00A3BA43 /* LaunchScreen.xib */,
				68D5E6FB1A942A3A00A3BA43 /* Supporting Files */,
			);
			path = GameCenter;
			sourceTree = "<group>";
		};
		68D5E6FB1A942A3A00A3BA43 /* Supporting Files */ = {
			isa = PBXGroup;
			children = (
				68D5E6FC1A942A3A00A3BA43 /* Info.plist */,
			);
			name = "Supporting Files";
			sourceTree = "<group>";
		};
		68D5E7101A942A3A00A3BA43 /* GameCenterTests */ = {
			isa = PBXGroup;
			children = (
				68D5E7131A942A3A00A3BA43 /* GameCenterTests.swift */,
				68D5E7111A942A3A00A3BA43 /* Supporting Files */,
			);
			path = GameCenterTests;
			sourceTree = "<group>";
		};
		68D5E7111A942A3A00A3BA43 /* Supporting Files */ = {
			isa = PBXGroup;
			children = (
				68D5E7121A942A3A00A3BA43 /* Info.plist */,
			);
			name = "Supporting Files";
			sourceTree = "<group>";
		};
/* End PBXGroup section */

/* Begin PBXNativeTarget section */
		68D5E6F71A942A3A00A3BA43 /* GameCenter */ = {
			isa = PBXNativeTarget;
			buildConfigurationList = 68D5E7171A942A3A00A3BA43 /* Build configuration list for PBXNativeTarget "GameCenter" */;
			buildPhases = (
				68D5E6F41A942A3A00A3BA43 /* Sources */,
				68D5E6F51A942A3A00A3BA43 /* Frameworks */,
				68D5E6F61A942A3A00A3BA43 /* Resources */,
			);
			buildRules = (
			);
			dependencies = (
			);
			name = GameCenter;
			productName = GameCenter;
			productReference = 68D5E6F81A942A3A00A3BA43 /* GameCenter.app */;
			productType = "com.apple.product-type.application";
		};
		68D5E70C1A942A3A00A3BA43 /* GameCenterTests */ = {
			isa = PBXNativeTarget;
			buildConfigurationList = 68D5E71A1A942A3A00A3BA43 /* Build configuration list for PBXNativeTarget "GameCenterTests" */;
			buildPhases = (
				68D5E7091A942A3A00A3BA43 /* Sources */,
				68D5E70A1A942A3A00A3BA43 /* Frameworks */,
				68D5E70B1A942A3A00A3BA43 /* Resources */,
			);
			buildRules = (
			);
			dependencies = (
				68D5E70F1A942A3A00A3BA43 /* PBXTargetDependency */,
			);
			name = GameCenterTests;
			productName = GameCenterTests;
			productReference = 68D5E70D1A942A3A00A3BA43 /* GameCenterTests.xctest */;
			productType = "com.apple.product-type.bundle.unit-test";
		};
/* End PBXNativeTarget section */

/* Begin PBXProject section */
		68D5E6F01A942A3A00A3BA43 /* Project object */ = {
			isa = PBXProject;
			attributes = {
				LastUpgradeCheck = 0610;
				ORGANIZATIONNAME = "Secret Lab";
				TargetAttributes = {
					68D5E6F71A942A3A00A3BA43 = {
						CreatedOnToolsVersion = 6.1.1;
						DevelopmentTeam = 5V2A4389PA;
						SystemCapabilities = {
							com.apple.GameCenter = {
								enabled = 1;
							};
						};
					};
					68D5E70C1A942A3A00A3BA43 = {
						CreatedOnToolsVersion = 6.1.1;
						TestTargetID = 68D5E6F71A942A3A00A3BA43;
					};
				};
			};
			buildConfigurationList = 68D5E6F31A942A3A00A3BA43 /* Build configuration list for PBXProject "GameCenter" */;
			compatibilityVersion = "Xcode 3.2";
			developmentRegion = English;
			hasScannedForEncodings = 0;
			knownRegions = (
				en,
				Base,
			);
			mainGroup = 68D5E6EF1A942A3A00A3BA43;
			productRefGroup = 68D5E6F91A942A3A00A3BA43 /* Products */;
			projectDirPath = "";
			projectRoot = "";
			targets = (
				68D5E6F71A942A3A00A3BA43 /* GameCenter */,
				68D5E70C1A942A3A00A3BA43 /* GameCenterTests */,
			);
		};
/* End PBXProject section */

/* Begin PBXResourcesBuildPhase section */
		68D5E6F61A942A3A00A3BA43 /* Resources */ = {
			isa = PBXResourcesBuildPhase;
			buildActionMask = 2147483647;
			files = (
				68D5E7031A942A3A00A3BA43 /* Main.storyboard in Resources */,
				68D5E7081A942A3A00A3BA43 /* LaunchScreen.xib in Resources */,
				68D5E7051A942A3A00A3BA43 /* Images.xcassets in Resources */,
			);
			runOnlyForDeploymentPostprocessing = 0;
		};
		68D5E70B1A942A3A00A3BA43 /* Resources */ = {
			isa = PBXResourcesBuildPhase;
			buildActionMask = 2147483647;
			files = (
			);
			runOnlyForDeploymentPostprocessing = 0;
		};
/* End PBXResourcesBuildPhase section */

/* Begin PBXSourcesBuildPhase section */
		68D5E6F41A942A3A00A3BA43 /* Sources */ = {
			isa = PBXSourcesBuildPhase;
			buildActionMask = 2147483647;
			files = (
				68D5E7001A942A3A00A3BA43 /* ViewController.swift in Sources */,
				68D5E6FE1A942A3A00A3BA43 /* AppDelegate.swift in Sources */,
			);
			runOnlyForDeploymentPostprocessing = 0;
		};
		68D5E7091A942A3A00A3BA43 /* Sources */ = {
			isa = PBXSourcesBuildPhase;
			buildActionMask = 2147483647;
			files = (
				68D5E7141A942A3A00A3BA43 /* GameCenterTests.swift in Sources */,
			);
			runOnlyForDeploymentPostprocessing = 0;
		};
/* End PBXSourcesBuildPhase section */

/* Begin PBXTargetDependency section */
		68D5E70F1A942A3A00A3BA43 /* PBXTargetDependency */ = {
			isa = PBXTargetDependency;
			target = 68D5E6F71A942A3A00A3BA43 /* GameCenter */;
			targetProxy = 68D5E70E1A942A3A00A3BA43 /* PBXContainerItemProxy */;
		};
/* End PBXTargetDependency section */

/* Begin PBXVariantGroup section */
		68D5E7011A942A3A00A3BA43 /* Main.storyboard */ = {
			isa = PBXVariantGroup;
			children = (
				68D5E7021A942A3A00A3BA43 /* Base */,
			);
			name = Main.storyboard;
			sourceTree = "<group>";
		};
		68D5E7061A942A3A00A3BA43 /* LaunchScreen.xib */ = {
			isa = PBXVariantGroup;
			children = (
				68D5E7071A942A3A00A3BA43 /* Base */,
			);
			name = LaunchScreen.xib;
			sourceTree = "<group>";
		};
/* End PBXVariantGroup section */

/* Begin XCBuildConfiguration section */
		68D5E7151A942A3A00A3BA43 /* Debug */ = {
			isa = XCBuildConfiguration;
			buildSettings = {
				ALWAYS_SEARCH_USER_PATHS = NO;
				CLANG_CXX_LANGUAGE_STANDARD = "gnu++0x";
				CLANG_CXX_LIBRARY = "libc++";
				CLANG_ENABLE_MODULES = YES;
				CLANG_ENABLE_OBJC_ARC = YES;
				CLANG_WARN_BOOL_CONVERSION = YES;
				CLANG_WARN_CONSTANT_CONVERSION = YES;
				CLANG_WARN_DIRECT_OBJC_ISA_USAGE = YES_ERROR;
				CLANG_WARN_EMPTY_BODY = YES;
				CLANG_WARN_ENUM_CONVERSION = YES;
				CLANG_WARN_INT_CONVERSION = YES;
				CLANG_WARN_OBJC_ROOT_CLASS = YES_ERROR;
				CLANG_WARN_UNREACHABLE_CODE = YES;
				CLANG_WARN__DUPLICATE_METHOD_MATCH = YES;
				"CODE_SIGN_IDENTITY[sdk=iphoneos*]" = "iPhone Developer";
				COPY_PHASE_STRIP = NO;
				ENABLE_STRICT_OBJC_MSGSEND = YES;
				GCC_C_LANGUAGE_STANDARD = gnu99;
				GCC_DYNAMIC_NO_PIC = NO;
				GCC_OPTIMIZATION_LEVEL = 0;
				GCC_PREPROCESSOR_DEFINITIONS = (
					"DEBUG=1",
					"$(inherited)",
				);
				GCC_SYMBOLS_PRIVATE_EXTERN = NO;
				GCC_WARN_64_TO_32_BIT_CONVERSION = YES;
				GCC_WARN_ABOUT_RETURN_TYPE = YES_ERROR;
				GCC_WARN_UNDECLARED_SELECTOR = YES;
				GCC_WARN_UNINITIALIZED_AUTOS = YES_AGGRESSIVE;
				GCC_WARN_UNUSED_FUNCTION = YES;
				GCC_WARN_UNUSED_VARIABLE = YES;
				IPHONEOS_DEPLOYMENT_TARGET = 8.1;
				MTL_ENABLE_DEBUG_INFO = YES;
				ONLY_ACTIVE_ARCH = YES;
				SDKROOT = iphoneos;
				SWIFT_OPTIMIZATION_LEVEL = "-Onone";
			};
			name = Debug;
		};
		68D5E7161A942A3A00A3BA43 /* Release */ = {
			isa = XCBuildConfiguration;
			buildSettings = {
				ALWAYS_SEARCH_USER_PATHS = NO;
				CLANG_CXX_LANGUAGE_STANDARD = "gnu++0x";
				CLANG_CXX_LIBRARY = "libc++";
				CLANG_ENABLE_MODULES = YES;
				CLANG_ENABLE_OBJC_ARC = YES;
				CLANG_WARN_BOOL_CONVERSION = YES;
				CLANG_WARN_CONSTANT_CONVERSION = YES;
				CLANG_WARN_DIRECT_OBJC_ISA_USAGE = YES_ERROR;
				CLANG_WARN_EMPTY_BODY = YES;
				CLANG_WARN_ENUM_CONVERSION = YES;
				CLANG_WARN_INT_CONVERSION = YES;
				CLANG_WARN_OBJC_ROOT_CLASS = YES_ERROR;
				CLANG_WARN_UNREACHABLE_CODE = YES;
				CLANG_WARN__DUPLICATE_METHOD_MATCH = YES;
				"CODE_SIGN_IDENTITY[sdk=iphoneos*]" = "iPhone Developer";
				COPY_PHASE_STRIP = YES;
				ENABLE_NS_ASSERTIONS = NO;
				ENABLE_STRICT_OBJC_MSGSEND = YES;
				GCC_C_LANGUAGE_STANDARD = gnu99;
				GCC_WARN_64_TO_32_BIT_CONVERSION = YES;
				GCC_WARN_ABOUT_RETURN_TYPE = YES_ERROR;
				GCC_WARN_UNDECLARED_SELECTOR = YES;
				GCC_WARN_UNINITIALIZED_AUTOS = YES_AGGRESSIVE;
				GCC_WARN_UNUSED_FUNCTION = YES;
				GCC_WARN_UNUSED_VARIABLE = YES;
				IPHONEOS_DEPLOYMENT_TARGET = 8.1;
				MTL_ENABLE_DEBUG_INFO = NO;
				SDKROOT = iphoneos;
				VALIDATE_PRODUCT = YES;
			};
			name = Release;
		};
		68D5E7181A942A3A00A3BA43 /* Debug */ = {
			isa = XCBuildConfiguration;
			buildSettings = {
				ASSETCATALOG_COMPILER_APPICON_NAME = AppIcon;
				CODE_SIGN_IDENTITY = "iPhone Developer";
				"CODE_SIGN_IDENTITY[sdk=iphoneos*]" = "iPhone Developer";
				INFOPLIST_FILE = GameCenter/Info.plist;
				LD_RUNPATH_SEARCH_PATHS = "$(inherited) @executable_path/Frameworks";
				PRODUCT_NAME = "$(TARGET_NAME)";
				PROVISIONING_PROFILE = "";
			};
			name = Debug;
		};
		68D5E7191A942A3A00A3BA43 /* Release */ = {
			isa = XCBuildConfiguration;
			buildSettings = {
				ASSETCATALOG_COMPILER_APPICON_NAME = AppIcon;
				CODE_SIGN_IDENTITY = "iPhone Developer";
				"CODE_SIGN_IDENTITY[sdk=iphoneos*]" = "iPhone Developer";
				INFOPLIST_FILE = GameCenter/Info.plist;
				LD_RUNPATH_SEARCH_PATHS = "$(inherited) @executable_path/Frameworks";
				PRODUCT_NAME = "$(TARGET_NAME)";
				PROVISIONING_PROFILE = "";
			};
			name = Release;
		};
		68D5E71B1A942A3A00A3BA43 /* Debug */ = {
			isa = XCBuildConfiguration;
			buildSettings = {
				BUNDLE_LOADER = "$(TEST_HOST)";
				FRAMEWORK_SEARCH_PATHS = (
					"$(SDKROOT)/Developer/Library/Frameworks",
					"$(inherited)",
				);
				GCC_PREPROCESSOR_DEFINITIONS = (
					"DEBUG=1",
					"$(inherited)",
				);
				INFOPLIST_FILE = GameCenterTests/Info.plist;
				LD_RUNPATH_SEARCH_PATHS = "$(inherited) @executable_path/Frameworks @loader_path/Frameworks";
				PRODUCT_NAME = "$(TARGET_NAME)";
				TEST_HOST = "$(BUILT_PRODUCTS_DIR)/GameCenter.app/GameCenter";
			};
			name = Debug;
		};
		68D5E71C1A942A3A00A3BA43 /* Release */ = {
			isa = XCBuildConfiguration;
			buildSettings = {
				BUNDLE_LOADER = "$(TEST_HOST)";
				FRAMEWORK_SEARCH_PATHS = (
					"$(SDKROOT)/Developer/Library/Frameworks",
					"$(inherited)",
				);
				INFOPLIST_FILE = GameCenterTests/Info.plist;
				LD_RUNPATH_SEARCH_PATHS = "$(inherited) @executable_path/Frameworks @loader_path/Frameworks";
				PRODUCT_NAME = "$(TARGET_NAME)";
				TEST_HOST = "$(BUILT_PRODUCTS_DIR)/GameCenter.app/GameCenter";
			};
			name = Release;
		};
/* End XCBuildConfiguration section */

/* Begin XCConfigurationList section */
		68D5E6F31A942A3A00A3BA43 /* Build configuration list for PBXProject "GameCenter" */ = {
			isa = XCConfigurationList;
			buildConfigurations = (
				68D5E7151A942A3A00A3BA43 /* Debug */,
				68D5E7161A942A3A00A3BA43 /* Release */,
			);
			defaultConfigurationIsVisible = 0;
			defaultConfigurationName = Release;
		};
		68D5E7171A942A3A00A3BA43 /* Build configuration list for PBXNativeTarget "GameCenter" */ = {
			isa = XCConfigurationList;
			buildConfigurations = (
				68D5E7181A942A3A00A3BA43 /* Debug */,
				68D5E7191A942A3A00A3BA43 /* Release */,
			);
			defaultConfigurationIsVisible = 0;
		};
		68D5E71A1A942A3A00A3BA43 /* Build configuration list for PBXNativeTarget "GameCenterTests" */ = {
			isa = XCConfigurationList;
			buildConfigurations = (
				68D5E71B1A942A3A00A3BA43 /* Debug */,
				68D5E71C1A942A3A00A3BA43 /* Release */,
			);
			defaultConfigurationIsVisible = 0;
		};
/* End XCConfigurationList section */
	};
	rootObject = 68D5E6F01A942A3A00A3BA43 /* Project object */;
}
