// !$*UTF8*$!
{
	archiveVersion = 1;
	classes = {
	};
	objectVersion = 46;
	objects = {

/* Begin PBXBuildFile section */
		685502661A82075A004988B1 /* AppDelegate.swift in Sources */ = {isa = PBXBuildFile; fileRef = 685502651A82075A004988B1 /* AppDelegate.swift */; };
		685502681A82075A004988B1 /* ViewController.swift in Sources */ = {isa = PBXBuildFile; fileRef = 685502671A82075A004988B1 /* ViewController.swift */; };
		6855026B1A82075A004988B1 /* Main.storyboard in Resources */ = {isa = PBXBuildFile; fileRef = 685502691A82075A004988B1 /* Main.storyboard */; };
		6855026D1A82075A004988B1 /* Images.xcassets in Resources */ = {isa = PBXBuildFile; fileRef = 6855026C1A82075A004988B1 /* Images.xcassets */; };
		685502701A82075A004988B1 /* LaunchScreen.xib in Resources */ = {isa = PBXBuildFile; fileRef = 6855026E1A82075A004988B1 /* LaunchScreen.xib */; };
		6855027C1A82075A004988B1 /* UserDefaultsTests.swift in Sources */ = {isa = PBXBuildFile; fileRef = 6855027B1A82075A004988B1 /* UserDefaultsTests.swift */; };
/* End PBXBuildFile section */

/* Begin PBXContainerItemProxy section */
		685502761A82075A004988B1 /* PBXContainerItemProxy */ = {
			isa = PBXContainerItemProxy;
			containerPortal = 685502581A82075A004988B1 /* Project object */;
			proxyType = 1;
			remoteGlobalIDString = 6855025F1A82075A004988B1;
			remoteInfo = UserDefaults;
		};
/* End PBXContainerItemProxy section */

/* Begin PBXFileReference section */
		685502601A82075A004988B1 /* UserDefaults.app */ = {isa = PBXFileReference; explicitFileType = wrapper.application; includeInIndex = 0; path = UserDefaults.app; sourceTree = BUILT_PRODUCTS_DIR; };
		685502641A82075A004988B1 /* Info.plist */ = {isa = PBXFileReference; lastKnownFileType = text.plist.xml; path = Info.plist; sourceTree = "<group>"; };
		685502651A82075A004988B1 /* AppDelegate.swift */ = {isa = PBXFileReference; lastKnownFileType = sourcecode.swift; path = AppDelegate.swift; sourceTree = "<group>"; };
		685502671A82075A004988B1 /* ViewController.swift */ = {isa = PBXFileReference; lastKnownFileType = sourcecode.swift; path = ViewController.swift; sourceTree = "<group>"; };
		6855026A1A82075A004988B1 /* Base */ = {isa = PBXFileReference; lastKnownFileType = file.storyboard; name = Base; path = Base.lproj/Main.storyboard; sourceTree = "<group>"; };
		6855026C1A82075A004988B1 /* Images.xcassets */ = {isa = PBXFileReference; lastKnownFileType = folder.assetcatalog; path = Images.xcassets; sourceTree = "<group>"; };
		6855026F1A82075A004988B1 /* Base */ = {isa = PBXFileReference; lastKnownFileType = file.xib; name = Base; path = Base.lproj/LaunchScreen.xib; sourceTree = "<group>"; };
		685502751A82075A004988B1 /* UserDefaultsTests.xctest */ = {isa = PBXFileReference; explicitFileType = wrapper.cfbundle; includeInIndex = 0; path = UserDefaultsTests.xctest; sourceTree = BUILT_PRODUCTS_DIR; };
		6855027A1A82075A004988B1 /* Info.plist */ = {isa = PBXFileReference; lastKnownFileType = text.plist.xml; path = Info.plist; sourceTree = "<group>"; };
		6855027B1A82075A004988B1 /* UserDefaultsTests.swift */ = {isa = PBXFileReference; lastKnownFileType = sourcecode.swift; path = UserDefaultsTests.swift; sourceTree = "<group>"; };
/* End PBXFileReference section */

/* Begin PBXFrameworksBuildPhase section */
		6855025D1A82075A004988B1 /* Frameworks */ = {
			isa = PBXFrameworksBuildPhase;
			buildActionMask = 2147483647;
			files = (
			);
			runOnlyForDeploymentPostprocessing = 0;
		};
		685502721A82075A004988B1 /* Frameworks */ = {
			isa = PBXFrameworksBuildPhase;
			buildActionMask = 2147483647;
			files = (
			);
			runOnlyForDeploymentPostprocessing = 0;
		};
/* End PBXFrameworksBuildPhase section */

/* Begin PBXGroup section */
		685502571A82075A004988B1 = {
			isa = PBXGroup;
			children = (
				685502621A82075A004988B1 /* UserDefaults */,
				685502781A82075A004988B1 /* UserDefaultsTests */,
				685502611A82075A004988B1 /* Products */,
			);
			sourceTree = "<group>";
		};
		685502611A82075A004988B1 /* Products */ = {
			isa = PBXGroup;
			children = (
				685502601A82075A004988B1 /* UserDefaults.app */,
				685502751A82075A004988B1 /* UserDefaultsTests.xctest */,
			);
			name = Products;
			sourceTree = "<group>";
		};
		685502621A82075A004988B1 /* UserDefaults */ = {
			isa = PBXGroup;
			children = (
				685502651A82075A004988B1 /* AppDelegate.swift */,
				685502671A82075A004988B1 /* ViewController.swift */,
				685502691A82075A004988B1 /* Main.storyboard */,
				6855026C1A82075A004988B1 /* Images.xcassets */,
				6855026E1A82075A004988B1 /* LaunchScreen.xib */,
				685502631A82075A004988B1 /* Supporting Files */,
			);
			path = UserDefaults;
			sourceTree = "<group>";
		};
		685502631A82075A004988B1 /* Supporting Files */ = {
			isa = PBXGroup;
			children = (
				685502641A82075A004988B1 /* Info.plist */,
			);
			name = "Supporting Files";
			sourceTree = "<group>";
		};
		685502781A82075A004988B1 /* UserDefaultsTests */ = {
			isa = PBXGroup;
			children = (
				6855027B1A82075A004988B1 /* UserDefaultsTests.swift */,
				685502791A82075A004988B1 /* Supporting Files */,
			);
			path = UserDefaultsTests;
			sourceTree = "<group>";
		};
		685502791A82075A004988B1 /* Supporting Files */ = {
			isa = PBXGroup;
			children = (
				6855027A1A82075A004988B1 /* Info.plist */,
			);
			name = "Supporting Files";
			sourceTree = "<group>";
		};
/* End PBXGroup section */

/* Begin PBXNativeTarget section */
		6855025F1A82075A004988B1 /* UserDefaults */ = {
			isa = PBXNativeTarget;
			buildConfigurationList = 6855027F1A82075A004988B1 /* Build configuration list for PBXNativeTarget "UserDefaults" */;
			buildPhases = (
				6855025C1A82075A004988B1 /* Sources */,
				6855025D1A82075A004988B1 /* Frameworks */,
				6855025E1A82075A004988B1 /* Resources */,
			);
			buildRules = (
			);
			dependencies = (
			);
			name = UserDefaults;
			productName = UserDefaults;
			productReference = 685502601A82075A004988B1 /* UserDefaults.app */;
			productType = "com.apple.product-type.application";
		};
		685502741A82075A004988B1 /* UserDefaultsTests */ = {
			isa = PBXNativeTarget;
			buildConfigurationList = 685502821A82075A004988B1 /* Build configuration list for PBXNativeTarget "UserDefaultsTests" */;
			buildPhases = (
				685502711A82075A004988B1 /* Sources */,
				685502721A82075A004988B1 /* Frameworks */,
				685502731A82075A004988B1 /* Resources */,
			);
			buildRules = (
			);
			dependencies = (
				685502771A82075A004988B1 /* PBXTargetDependency */,
			);
			name = UserDefaultsTests;
			productName = UserDefaultsTests;
			productReference = 685502751A82075A004988B1 /* UserDefaultsTests.xctest */;
			productType = "com.apple.product-type.bundle.unit-test";
		};
/* End PBXNativeTarget section */

/* Begin PBXProject section */
		685502581A82075A004988B1 /* Project object */ = {
			isa = PBXProject;
			attributes = {
				LastUpgradeCheck = 0610;
				ORGANIZATIONNAME = "Secret Lab";
				TargetAttributes = {
					6855025F1A82075A004988B1 = {
						CreatedOnToolsVersion = 6.1.1;
					};
					685502741A82075A004988B1 = {
						CreatedOnToolsVersion = 6.1.1;
						TestTargetID = 6855025F1A82075A004988B1;
					};
				};
			};
			buildConfigurationList = 6855025B1A82075A004988B1 /* Build configuration list for PBXProject "UserDefaults" */;
			compatibilityVersion = "Xcode 3.2";
			developmentRegion = English;
			hasScannedForEncodings = 0;
			knownRegions = (
				en,
				Base,
			);
			mainGroup = 685502571A82075A004988B1;
			productRefGroup = 685502611A82075A004988B1 /* Products */;
			projectDirPath = "";
			projectRoot = "";
			targets = (
				6855025F1A82075A004988B1 /* UserDefaults */,
				685502741A82075A004988B1 /* UserDefaultsTests */,
			);
		};
/* End PBXProject section */

/* Begin PBXResourcesBuildPhase section */
		6855025E1A82075A004988B1 /* Resources */ = {
			isa = PBXResourcesBuildPhase;
			buildActionMask = 2147483647;
			files = (
				6855026B1A82075A004988B1 /* Main.storyboard in Resources */,
				685502701A82075A004988B1 /* LaunchScreen.xib in Resources */,
				6855026D1A82075A004988B1 /* Images.xcassets in Resources */,
			);
			runOnlyForDeploymentPostprocessing = 0;
		};
		685502731A82075A004988B1 /* Resources */ = {
			isa = PBXResourcesBuildPhase;
			buildActionMask = 2147483647;
			files = (
			);
			runOnlyForDeploymentPostprocessing = 0;
		};
/* End PBXResourcesBuildPhase section */

/* Begin PBXSourcesBuildPhase section */
		6855025C1A82075A004988B1 /* Sources */ = {
			isa = PBXSourcesBuildPhase;
			buildActionMask = 2147483647;
			files = (
				685502681A82075A004988B1 /* ViewController.swift in Sources */,
				685502661A82075A004988B1 /* AppDelegate.swift in Sources */,
			);
			runOnlyForDeploymentPostprocessing = 0;
		};
		685502711A82075A004988B1 /* Sources */ = {
			isa = PBXSourcesBuildPhase;
			buildActionMask = 2147483647;
			files = (
				6855027C1A82075A004988B1 /* UserDefaultsTests.swift in Sources */,
			);
			runOnlyForDeploymentPostprocessing = 0;
		};
/* End PBXSourcesBuildPhase section */

/* Begin PBXTargetDependency section */
		685502771A82075A004988B1 /* PBXTargetDependency */ = {
			isa = PBXTargetDependency;
			target = 6855025F1A82075A004988B1 /* UserDefaults */;
			targetProxy = 685502761A82075A004988B1 /* PBXContainerItemProxy */;
		};
/* End PBXTargetDependency section */

/* Begin PBXVariantGroup section */
		685502691A82075A004988B1 /* Main.storyboard */ = {
			isa = PBXVariantGroup;
			children = (
				6855026A1A82075A004988B1 /* Base */,
			);
			name = Main.storyboard;
			sourceTree = "<group>";
		};
		6855026E1A82075A004988B1 /* LaunchScreen.xib */ = {
			isa = PBXVariantGroup;
			children = (
				6855026F1A82075A004988B1 /* Base */,
			);
			name = LaunchScreen.xib;
			sourceTree = "<group>";
		};
/* End PBXVariantGroup section */

/* Begin XCBuildConfiguration section */
		6855027D1A82075A004988B1 /* Debug */ = {
			isa = XCBuildConfiguration;
			buildSettings = {
				ALWAYS_SEARCH_USER_PATHS = NO;
				CLANG_CXX_LANGUAGE_STANDARD = "gnu++0x";
				CLANG_CXX_LIBRARY = "libc++";
				CLANG_ENABLE_MODULES = YES;
				CLANG_ENABLE_OBJC_ARC = YES;
				CLANG_WARN_BOOL_CONVERSION = YES;
				CLANG_WARN_CONSTANT_CONVERSION = YES;
				CLANG_WARN_DIRECT_OBJC_ISA_USAGE = YES_ERROR;
				CLANG_WARN_EMPTY_BODY = YES;
				CLANG_WARN_ENUM_CONVERSION = YES;
				CLANG_WARN_INT_CONVERSION = YES;
				CLANG_WARN_OBJC_ROOT_CLASS = YES_ERROR;
				CLANG_WARN_UNREACHABLE_CODE = YES;
				CLANG_WARN__DUPLICATE_METHOD_MATCH = YES;
				"CODE_SIGN_IDENTITY[sdk=iphoneos*]" = "iPhone Developer";
				COPY_PHASE_STRIP = NO;
				ENABLE_STRICT_OBJC_MSGSEND = YES;
				GCC_C_LANGUAGE_STANDARD = gnu99;
				GCC_DYNAMIC_NO_PIC = NO;
				GCC_OPTIMIZATION_LEVEL = 0;
				GCC_PREPROCESSOR_DEFINITIONS = (
					"DEBUG=1",
					"$(inherited)",
				);
				GCC_SYMBOLS_PRIVATE_EXTERN = NO;
				GCC_WARN_64_TO_32_BIT_CONVERSION = YES;
				GCC_WARN_ABOUT_RETURN_TYPE = YES_ERROR;
				GCC_WARN_UNDECLARED_SELECTOR = YES;
				GCC_WARN_UNINITIALIZED_AUTOS = YES_AGGRESSIVE;
				GCC_WARN_UNUSED_FUNCTION = YES;
				GCC_WARN_UNUSED_VARIABLE = YES;
				IPHONEOS_DEPLOYMENT_TARGET = 8.1;
				MTL_ENABLE_DEBUG_INFO = YES;
				ONLY_ACTIVE_ARCH = YES;
				SDKROOT = iphoneos;
				SWIFT_OPTIMIZATION_LEVEL = "-Onone";
			};
			name = Debug;
		};
		6855027E1A82075A004988B1 /* Release */ = {
			isa = XCBuildConfiguration;
			buildSettings = {
				ALWAYS_SEARCH_USER_PATHS = NO;
				CLANG_CXX_LANGUAGE_STANDARD = "gnu++0x";
				CLANG_CXX_LIBRARY = "libc++";
				CLANG_ENABLE_MODULES = YES;
				CLANG_ENABLE_OBJC_ARC = YES;
				CLANG_WARN_BOOL_CONVERSION = YES;
				CLANG_WARN_CONSTANT_CONVERSION = YES;
				CLANG_WARN_DIRECT_OBJC_ISA_USAGE = YES_ERROR;
				CLANG_WARN_EMPTY_BODY = YES;
				CLANG_WARN_ENUM_CONVERSION = YES;
				CLANG_WARN_INT_CONVERSION = YES;
				CLANG_WARN_OBJC_ROOT_CLASS = YES_ERROR;
				CLANG_WARN_UNREACHABLE_CODE = YES;
				CLANG_WARN__DUPLICATE_METHOD_MATCH = YES;
				"CODE_SIGN_IDENTITY[sdk=iphoneos*]" = "iPhone Developer";
				COPY_PHASE_STRIP = YES;
				ENABLE_NS_ASSERTIONS = NO;
				ENABLE_STRICT_OBJC_MSGSEND = YES;
				GCC_C_LANGUAGE_STANDARD = gnu99;
				GCC_WARN_64_TO_32_BIT_CONVERSION = YES;
				GCC_WARN_ABOUT_RETURN_TYPE = YES_ERROR;
				GCC_WARN_UNDECLARED_SELECTOR = YES;
				GCC_WARN_UNINITIALIZED_AUTOS = YES_AGGRESSIVE;
				GCC_WARN_UNUSED_FUNCTION = YES;
				GCC_WARN_UNUSED_VARIABLE = YES;
				IPHONEOS_DEPLOYMENT_TARGET = 8.1;
				MTL_ENABLE_DEBUG_INFO = NO;
				SDKROOT = iphoneos;
				VALIDATE_PRODUCT = YES;
			};
			name = Release;
		};
		685502801A82075A004988B1 /* Debug */ = {
			isa = XCBuildConfiguration;
			buildSettings = {
				ASSETCATALOG_COMPILER_APPICON_NAME = AppIcon;
				INFOPLIST_FILE = UserDefaults/Info.plist;
				LD_RUNPATH_SEARCH_PATHS = "$(inherited) @executable_path/Frameworks";
				PRODUCT_NAME = "$(TARGET_NAME)";
			};
			name = Debug;
		};
		685502811A82075A004988B1 /* Release */ = {
			isa = XCBuildConfiguration;
			buildSettings = {
				ASSETCATALOG_COMPILER_APPICON_NAME = AppIcon;
				INFOPLIST_FILE = UserDefaults/Info.plist;
				LD_RUNPATH_SEARCH_PATHS = "$(inherited) @executable_path/Frameworks";
				PRODUCT_NAME = "$(TARGET_NAME)";
			};
			name = Release;
		};
		685502831A82075A004988B1 /* Debug */ = {
			isa = XCBuildConfiguration;
			buildSettings = {
				BUNDLE_LOADER = "$(TEST_HOST)";
				FRAMEWORK_SEARCH_PATHS = (
					"$(SDKROOT)/Developer/Library/Frameworks",
					"$(inherited)",
				);
				GCC_PREPROCESSOR_DEFINITIONS = (
					"DEBUG=1",
					"$(inherited)",
				);
				INFOPLIST_FILE = UserDefaultsTests/Info.plist;
				LD_RUNPATH_SEARCH_PATHS = "$(inherited) @executable_path/Frameworks @loader_path/Frameworks";
				PRODUCT_NAME = "$(TARGET_NAME)";
				TEST_HOST = "$(BUILT_PRODUCTS_DIR)/UserDefaults.app/UserDefaults";
			};
			name = Debug;
		};
		685502841A82075A004988B1 /* Release */ = {
			isa = XCBuildConfiguration;
			buildSettings = {
				BUNDLE_LOADER = "$(TEST_HOST)";
				FRAMEWORK_SEARCH_PATHS = (
					"$(SDKROOT)/Developer/Library/Frameworks",
					"$(inherited)",
				);
				INFOPLIST_FILE = UserDefaultsTests/Info.plist;
				LD_RUNPATH_SEARCH_PATHS = "$(inherited) @executable_path/Frameworks @loader_path/Frameworks";
				PRODUCT_NAME = "$(TARGET_NAME)";
				TEST_HOST = "$(BUILT_PRODUCTS_DIR)/UserDefaults.app/UserDefaults";
			};
			name = Release;
		};
/* End XCBuildConfiguration section */

/* Begin XCConfigurationList section */
		6855025B1A82075A004988B1 /* Build configuration list for PBXProject "UserDefaults" */ = {
			isa = XCConfigurationList;
			buildConfigurations = (
				6855027D1A82075A004988B1 /* Debug */,
				6855027E1A82075A004988B1 /* Release */,
			);
			defaultConfigurationIsVisible = 0;
			defaultConfigurationName = Release;
		};
		6855027F1A82075A004988B1 /* Build configuration list for PBXNativeTarget "UserDefaults" */ = {
			isa = XCConfigurationList;
			buildConfigurations = (
				685502801A82075A004988B1 /* Debug */,
				685502811A82075A004988B1 /* Release */,
			);
			defaultConfigurationIsVisible = 0;
		};
		685502821A82075A004988B1 /* Build configuration list for PBXNativeTarget "UserDefaultsTests" */ = {
			isa = XCConfigurationList;
			buildConfigurations = (
				685502831A82075A004988B1 /* Debug */,
				685502841A82075A004988B1 /* Release */,
			);
			defaultConfigurationIsVisible = 0;
		};
/* End XCConfigurationList section */
	};
	rootObject = 685502581A82075A004988B1 /* Project object */;
}
