// !$*UTF8*$!
{
	archiveVersion = 1;
	classes = {
	};
	objectVersion = 46;
	objects = {

/* Begin PBXBuildFile section */
		68C351761A68D3860071E283 /* AppDelegate.swift in Sources */ = {isa = PBXBuildFile; fileRef = 68C351751A68D3860071E283 /* AppDelegate.swift */; };
		68C351781A68D3860071E283 /* ViewController.swift in Sources */ = {isa = PBXBuildFile; fileRef = 68C351771A68D3860071E283 /* ViewController.swift */; };
		68C3517B1A68D3860071E283 /* Main.storyboard in Resources */ = {isa = PBXBuildFile; fileRef = 68C351791A68D3860071E283 /* Main.storyboard */; };
		68C3517D1A68D3860071E283 /* Images.xcassets in Resources */ = {isa = PBXBuildFile; fileRef = 68C3517C1A68D3860071E283 /* Images.xcassets */; };
		68C351801A68D3860071E283 /* LaunchScreen.xib in Resources */ = {isa = PBXBuildFile; fileRef = 68C3517E1A68D3860071E283 /* LaunchScreen.xib */; };
		68C3518C1A68D3860071E283 /* CustomGestureRecognizerTests.swift in Sources */ = {isa = PBXBuildFile; fileRef = 68C3518B1A68D3860071E283 /* CustomGestureRecognizerTests.swift */; };
		68C351961A68D9150071E283 /* DownUpGestureRecognizer.swift in Sources */ = {isa = PBXBuildFile; fileRef = 68C351951A68D9150071E283 /* DownUpGestureRecognizer.swift */; };
/* End PBXBuildFile section */

/* Begin PBXContainerItemProxy section */
		68C351861A68D3860071E283 /* PBXContainerItemProxy */ = {
			isa = PBXContainerItemProxy;
			containerPortal = 68C351681A68D3850071E283 /* Project object */;
			proxyType = 1;
			remoteGlobalIDString = 68C3516F1A68D3860071E283;
			remoteInfo = CustomGestureRecognizer;
		};
/* End PBXContainerItemProxy section */

/* Begin PBXFileReference section */
		68C351701A68D3860071E283 /* CustomGestureRecognizer.app */ = {isa = PBXFileReference; explicitFileType = wrapper.application; includeInIndex = 0; path = CustomGestureRecognizer.app; sourceTree = BUILT_PRODUCTS_DIR; };
		68C351741A68D3860071E283 /* Info.plist */ = {isa = PBXFileReference; lastKnownFileType = text.plist.xml; path = Info.plist; sourceTree = "<group>"; };
		68C351751A68D3860071E283 /* AppDelegate.swift */ = {isa = PBXFileReference; lastKnownFileType = sourcecode.swift; path = AppDelegate.swift; sourceTree = "<group>"; };
		68C351771A68D3860071E283 /* ViewController.swift */ = {isa = PBXFileReference; lastKnownFileType = sourcecode.swift; path = ViewController.swift; sourceTree = "<group>"; };
		68C3517A1A68D3860071E283 /* Base */ = {isa = PBXFileReference; lastKnownFileType = file.storyboard; name = Base; path = Base.lproj/Main.storyboard; sourceTree = "<group>"; };
		68C3517C1A68D3860071E283 /* Images.xcassets */ = {isa = PBXFileReference; lastKnownFileType = folder.assetcatalog; path = Images.xcassets; sourceTree = "<group>"; };
		68C3517F1A68D3860071E283 /* Base */ = {isa = PBXFileReference; lastKnownFileType = file.xib; name = Base; path = Base.lproj/LaunchScreen.xib; sourceTree = "<group>"; };
		68C351851A68D3860071E283 /* CustomGestureRecognizerTests.xctest */ = {isa = PBXFileReference; explicitFileType = wrapper.cfbundle; includeInIndex = 0; path = CustomGestureRecognizerTests.xctest; sourceTree = BUILT_PRODUCTS_DIR; };
		68C3518A1A68D3860071E283 /* Info.plist */ = {isa = PBXFileReference; lastKnownFileType = text.plist.xml; path = Info.plist; sourceTree = "<group>"; };
		68C3518B1A68D3860071E283 /* CustomGestureRecognizerTests.swift */ = {isa = PBXFileReference; lastKnownFileType = sourcecode.swift; path = CustomGestureRecognizerTests.swift; sourceTree = "<group>"; };
		68C351951A68D9150071E283 /* DownUpGestureRecognizer.swift */ = {isa = PBXFileReference; fileEncoding = 4; lastKnownFileType = sourcecode.swift; path = DownUpGestureRecognizer.swift; sourceTree = "<group>"; };
		68C351971A68E4580071E283 /* Bridging.h */ = {isa = PBXFileReference; lastKnownFileType = sourcecode.c.h; path = Bridging.h; sourceTree = "<group>"; };
/* End PBXFileReference section */

/* Begin PBXFrameworksBuildPhase section */
		68C3516D1A68D3860071E283 /* Frameworks */ = {
			isa = PBXFrameworksBuildPhase;
			buildActionMask = 2147483647;
			files = (
			);
			runOnlyForDeploymentPostprocessing = 0;
		};
		68C351821A68D3860071E283 /* Frameworks */ = {
			isa = PBXFrameworksBuildPhase;
			buildActionMask = 2147483647;
			files = (
			);
			runOnlyForDeploymentPostprocessing = 0;
		};
/* End PBXFrameworksBuildPhase section */

/* Begin PBXGroup section */
		68C351671A68D3850071E283 = {
			isa = PBXGroup;
			children = (
				68C351721A68D3860071E283 /* CustomGestureRecognizer */,
				68C351881A68D3860071E283 /* CustomGestureRecognizerTests */,
				68C351711A68D3860071E283 /* Products */,
			);
			sourceTree = "<group>";
		};
		68C351711A68D3860071E283 /* Products */ = {
			isa = PBXGroup;
			children = (
				68C351701A68D3860071E283 /* CustomGestureRecognizer.app */,
				68C351851A68D3860071E283 /* CustomGestureRecognizerTests.xctest */,
			);
			name = Products;
			sourceTree = "<group>";
		};
		68C351721A68D3860071E283 /* CustomGestureRecognizer */ = {
			isa = PBXGroup;
			children = (
				68C351751A68D3860071E283 /* AppDelegate.swift */,
				68C351771A68D3860071E283 /* ViewController.swift */,
				68C351791A68D3860071E283 /* Main.storyboard */,
				68C3517C1A68D3860071E283 /* Images.xcassets */,
				68C3517E1A68D3860071E283 /* LaunchScreen.xib */,
				68C351731A68D3860071E283 /* Supporting Files */,
				68C351951A68D9150071E283 /* DownUpGestureRecognizer.swift */,
				68C351971A68E4580071E283 /* Bridging.h */,
			);
			path = CustomGestureRecognizer;
			sourceTree = "<group>";
		};
		68C351731A68D3860071E283 /* Supporting Files */ = {
			isa = PBXGroup;
			children = (
				68C351741A68D3860071E283 /* Info.plist */,
			);
			name = "Supporting Files";
			sourceTree = "<group>";
		};
		68C351881A68D3860071E283 /* CustomGestureRecognizerTests */ = {
			isa = PBXGroup;
			children = (
				68C3518B1A68D3860071E283 /* CustomGestureRecognizerTests.swift */,
				68C351891A68D3860071E283 /* Supporting Files */,
			);
			path = CustomGestureRecognizerTests;
			sourceTree = "<group>";
		};
		68C351891A68D3860071E283 /* Supporting Files */ = {
			isa = PBXGroup;
			children = (
				68C3518A1A68D3860071E283 /* Info.plist */,
			);
			name = "Supporting Files";
			sourceTree = "<group>";
		};
/* End PBXGroup section */

/* Begin PBXNativeTarget section */
		68C3516F1A68D3860071E283 /* CustomGestureRecognizer */ = {
			isa = PBXNativeTarget;
			buildConfigurationList = 68C3518F1A68D3860071E283 /* Build configuration list for PBXNativeTarget "CustomGestureRecognizer" */;
			buildPhases = (
				68C3516C1A68D3860071E283 /* Sources */,
				68C3516D1A68D3860071E283 /* Frameworks */,
				68C3516E1A68D3860071E283 /* Resources */,
			);
			buildRules = (
			);
			dependencies = (
			);
			name = CustomGestureRecognizer;
			productName = CustomGestureRecognizer;
			productReference = 68C351701A68D3860071E283 /* CustomGestureRecognizer.app */;
			productType = "com.apple.product-type.application";
		};
		68C351841A68D3860071E283 /* CustomGestureRecognizerTests */ = {
			isa = PBXNativeTarget;
			buildConfigurationList = 68C351921A68D3860071E283 /* Build configuration list for PBXNativeTarget "CustomGestureRecognizerTests" */;
			buildPhases = (
				68C351811A68D3860071E283 /* Sources */,
				68C351821A68D3860071E283 /* Frameworks */,
				68C351831A68D3860071E283 /* Resources */,
			);
			buildRules = (
			);
			dependencies = (
				68C351871A68D3860071E283 /* PBXTargetDependency */,
			);
			name = CustomGestureRecognizerTests;
			productName = CustomGestureRecognizerTests;
			productReference = 68C351851A68D3860071E283 /* CustomGestureRecognizerTests.xctest */;
			productType = "com.apple.product-type.bundle.unit-test";
		};
/* End PBXNativeTarget section */

/* Begin PBXProject section */
		68C351681A68D3850071E283 /* Project object */ = {
			isa = PBXProject;
			attributes = {
				LastUpgradeCheck = 0610;
				ORGANIZATIONNAME = "Secret Lab";
				TargetAttributes = {
					68C3516F1A68D3860071E283 = {
						CreatedOnToolsVersion = 6.1.1;
					};
					68C351841A68D3860071E283 = {
						CreatedOnToolsVersion = 6.1.1;
						TestTargetID = 68C3516F1A68D3860071E283;
					};
				};
			};
			buildConfigurationList = 68C3516B1A68D3850071E283 /* Build configuration list for PBXProject "CustomGestureRecognizer" */;
			compatibilityVersion = "Xcode 3.2";
			developmentRegion = English;
			hasScannedForEncodings = 0;
			knownRegions = (
				en,
				Base,
			);
			mainGroup = 68C351671A68D3850071E283;
			productRefGroup = 68C351711A68D3860071E283 /* Products */;
			projectDirPath = "";
			projectRoot = "";
			targets = (
				68C3516F1A68D3860071E283 /* CustomGestureRecognizer */,
				68C351841A68D3860071E283 /* CustomGestureRecognizerTests */,
			);
		};
/* End PBXProject section */

/* Begin PBXResourcesBuildPhase section */
		68C3516E1A68D3860071E283 /* Resources */ = {
			isa = PBXResourcesBuildPhase;
			buildActionMask = 2147483647;
			files = (
				68C3517B1A68D3860071E283 /* Main.storyboard in Resources */,
				68C351801A68D3860071E283 /* LaunchScreen.xib in Resources */,
				68C3517D1A68D3860071E283 /* Images.xcassets in Resources */,
			);
			runOnlyForDeploymentPostprocessing = 0;
		};
		68C351831A68D3860071E283 /* Resources */ = {
			isa = PBXResourcesBuildPhase;
			buildActionMask = 2147483647;
			files = (
			);
			runOnlyForDeploymentPostprocessing = 0;
		};
/* End PBXResourcesBuildPhase section */

/* Begin PBXSourcesBuildPhase section */
		68C3516C1A68D3860071E283 /* Sources */ = {
			isa = PBXSourcesBuildPhase;
			buildActionMask = 2147483647;
			files = (
				68C351961A68D9150071E283 /* DownUpGestureRecognizer.swift in Sources */,
				68C351781A68D3860071E283 /* ViewController.swift in Sources */,
				68C351761A68D3860071E283 /* AppDelegate.swift in Sources */,
			);
			runOnlyForDeploymentPostprocessing = 0;
		};
		68C351811A68D3860071E283 /* Sources */ = {
			isa = PBXSourcesBuildPhase;
			buildActionMask = 2147483647;
			files = (
				68C3518C1A68D3860071E283 /* CustomGestureRecognizerTests.swift in Sources */,
			);
			runOnlyForDeploymentPostprocessing = 0;
		};
/* End PBXSourcesBuildPhase section */

/* Begin PBXTargetDependency section */
		68C351871A68D3860071E283 /* PBXTargetDependency */ = {
			isa = PBXTargetDependency;
			target = 68C3516F1A68D3860071E283 /* CustomGestureRecognizer */;
			targetProxy = 68C351861A68D3860071E283 /* PBXContainerItemProxy */;
		};
/* End PBXTargetDependency section */

/* Begin PBXVariantGroup section */
		68C351791A68D3860071E283 /* Main.storyboard */ = {
			isa = PBXVariantGroup;
			children = (
				68C3517A1A68D3860071E283 /* Base */,
			);
			name = Main.storyboard;
			sourceTree = "<group>";
		};
		68C3517E1A68D3860071E283 /* LaunchScreen.xib */ = {
			isa = PBXVariantGroup;
			children = (
				68C3517F1A68D3860071E283 /* Base */,
			);
			name = LaunchScreen.xib;
			sourceTree = "<group>";
		};
/* End PBXVariantGroup section */

/* Begin XCBuildConfiguration section */
		68C3518D1A68D3860071E283 /* Debug */ = {
			isa = XCBuildConfiguration;
			buildSettings = {
				ALWAYS_SEARCH_USER_PATHS = NO;
				CLANG_CXX_LANGUAGE_STANDARD = "gnu++0x";
				CLANG_CXX_LIBRARY = "libc++";
				CLANG_ENABLE_MODULES = YES;
				CLANG_ENABLE_OBJC_ARC = YES;
				CLANG_WARN_BOOL_CONVERSION = YES;
				CLANG_WARN_CONSTANT_CONVERSION = YES;
				CLANG_WARN_DIRECT_OBJC_ISA_USAGE = YES_ERROR;
				CLANG_WARN_EMPTY_BODY = YES;
				CLANG_WARN_ENUM_CONVERSION = YES;
				CLANG_WARN_INT_CONVERSION = YES;
				CLANG_WARN_OBJC_ROOT_CLASS = YES_ERROR;
				CLANG_WARN_UNREACHABLE_CODE = YES;
				CLANG_WARN__DUPLICATE_METHOD_MATCH = YES;
				"CODE_SIGN_IDENTITY[sdk=iphoneos*]" = "iPhone Developer";
				COPY_PHASE_STRIP = NO;
				ENABLE_STRICT_OBJC_MSGSEND = YES;
				GCC_C_LANGUAGE_STANDARD = gnu99;
				GCC_DYNAMIC_NO_PIC = NO;
				GCC_OPTIMIZATION_LEVEL = 0;
				GCC_PREPROCESSOR_DEFINITIONS = (
					"DEBUG=1",
					"$(inherited)",
				);
				GCC_SYMBOLS_PRIVATE_EXTERN = NO;
				GCC_WARN_64_TO_32_BIT_CONVERSION = YES;
				GCC_WARN_ABOUT_RETURN_TYPE = YES_ERROR;
				GCC_WARN_UNDECLARED_SELECTOR = YES;
				GCC_WARN_UNINITIALIZED_AUTOS = YES_AGGRESSIVE;
				GCC_WARN_UNUSED_FUNCTION = YES;
				GCC_WARN_UNUSED_VARIABLE = YES;
				IPHONEOS_DEPLOYMENT_TARGET = 8.1;
				MTL_ENABLE_DEBUG_INFO = YES;
				ONLY_ACTIVE_ARCH = YES;
				SDKROOT = iphoneos;
				SWIFT_OPTIMIZATION_LEVEL = "-Onone";
			};
			name = Debug;
		};
		68C3518E1A68D3860071E283 /* Release */ = {
			isa = XCBuildConfiguration;
			buildSettings = {
				ALWAYS_SEARCH_USER_PATHS = NO;
				CLANG_CXX_LANGUAGE_STANDARD = "gnu++0x";
				CLANG_CXX_LIBRARY = "libc++";
				CLANG_ENABLE_MODULES = YES;
				CLANG_ENABLE_OBJC_ARC = YES;
				CLANG_WARN_BOOL_CONVERSION = YES;
				CLANG_WARN_CONSTANT_CONVERSION = YES;
				CLANG_WARN_DIRECT_OBJC_ISA_USAGE = YES_ERROR;
				CLANG_WARN_EMPTY_BODY = YES;
				CLANG_WARN_ENUM_CONVERSION = YES;
				CLANG_WARN_INT_CONVERSION = YES;
				CLANG_WARN_OBJC_ROOT_CLASS = YES_ERROR;
				CLANG_WARN_UNREACHABLE_CODE = YES;
				CLANG_WARN__DUPLICATE_METHOD_MATCH = YES;
				"CODE_SIGN_IDENTITY[sdk=iphoneos*]" = "iPhone Developer";
				COPY_PHASE_STRIP = YES;
				ENABLE_NS_ASSERTIONS = NO;
				ENABLE_STRICT_OBJC_MSGSEND = YES;
				GCC_C_LANGUAGE_STANDARD = gnu99;
				GCC_WARN_64_TO_32_BIT_CONVERSION = YES;
				GCC_WARN_ABOUT_RETURN_TYPE = YES_ERROR;
				GCC_WARN_UNDECLARED_SELECTOR = YES;
				GCC_WARN_UNINITIALIZED_AUTOS = YES_AGGRESSIVE;
				GCC_WARN_UNUSED_FUNCTION = YES;
				GCC_WARN_UNUSED_VARIABLE = YES;
				IPHONEOS_DEPLOYMENT_TARGET = 8.1;
				MTL_ENABLE_DEBUG_INFO = NO;
				SDKROOT = iphoneos;
				VALIDATE_PRODUCT = YES;
			};
			name = Release;
		};
		68C351901A68D3860071E283 /* Debug */ = {
			isa = XCBuildConfiguration;
			buildSettings = {
				ASSETCATALOG_COMPILER_APPICON_NAME = AppIcon;
				INFOPLIST_FILE = CustomGestureRecognizer/Info.plist;
				LD_RUNPATH_SEARCH_PATHS = "$(inherited) @executable_path/Frameworks";
				PRODUCT_NAME = "$(TARGET_NAME)";
				SWIFT_OBJC_BRIDGING_HEADER = CustomGestureRecognizer/Bridging.h;
			};
			name = Debug;
		};
		68C351911A68D3860071E283 /* Release */ = {
			isa = XCBuildConfiguration;
			buildSettings = {
				ASSETCATALOG_COMPILER_APPICON_NAME = AppIcon;
				INFOPLIST_FILE = CustomGestureRecognizer/Info.plist;
				LD_RUNPATH_SEARCH_PATHS = "$(inherited) @executable_path/Frameworks";
				PRODUCT_NAME = "$(TARGET_NAME)";
				SWIFT_OBJC_BRIDGING_HEADER = CustomGestureRecognizer/Bridging.h;
			};
			name = Release;
		};
		68C351931A68D3860071E283 /* Debug */ = {
			isa = XCBuildConfiguration;
			buildSettings = {
				BUNDLE_LOADER = "$(TEST_HOST)";
				FRAMEWORK_SEARCH_PATHS = (
					"$(SDKROOT)/Developer/Library/Frameworks",
					"$(inherited)",
				);
				GCC_PREPROCESSOR_DEFINITIONS = (
					"DEBUG=1",
					"$(inherited)",
				);
				INFOPLIST_FILE = CustomGestureRecognizerTests/Info.plist;
				LD_RUNPATH_SEARCH_PATHS = "$(inherited) @executable_path/Frameworks @loader_path/Frameworks";
				PRODUCT_NAME = "$(TARGET_NAME)";
				TEST_HOST = "$(BUILT_PRODUCTS_DIR)/CustomGestureRecognizer.app/CustomGestureRecognizer";
			};
			name = Debug;
		};
		68C351941A68D3860071E283 /* Release */ = {
			isa = XCBuildConfiguration;
			buildSettings = {
				BUNDLE_LOADER = "$(TEST_HOST)";
				FRAMEWORK_SEARCH_PATHS = (
					"$(SDKROOT)/Developer/Library/Frameworks",
					"$(inherited)",
				);
				INFOPLIST_FILE = CustomGestureRecognizerTests/Info.plist;
				LD_RUNPATH_SEARCH_PATHS = "$(inherited) @executable_path/Frameworks @loader_path/Frameworks";
				PRODUCT_NAME = "$(TARGET_NAME)";
				TEST_HOST = "$(BUILT_PRODUCTS_DIR)/CustomGestureRecognizer.app/CustomGestureRecognizer";
			};
			name = Release;
		};
/* End XCBuildConfiguration section */

/* Begin XCConfigurationList section */
		68C3516B1A68D3850071E283 /* Build configuration list for PBXProject "CustomGestureRecognizer" */ = {
			isa = XCConfigurationList;
			buildConfigurations = (
				68C3518D1A68D3860071E283 /* Debug */,
				68C3518E1A68D3860071E283 /* Release */,
			);
			defaultConfigurationIsVisible = 0;
			defaultConfigurationName = Release;
		};
		68C3518F1A68D3860071E283 /* Build configuration list for PBXNativeTarget "CustomGestureRecognizer" */ = {
			isa = XCConfigurationList;
			buildConfigurations = (
				68C351901A68D3860071E283 /* Debug */,
				68C351911A68D3860071E283 /* Release */,
			);
			defaultConfigurationIsVisible = 0;
		};
		68C351921A68D3860071E283 /* Build configuration list for PBXNativeTarget "CustomGestureRecognizerTests" */ = {
			isa = XCConfigurationList;
			buildConfigurations = (
				68C351931A68D3860071E283 /* Debug */,
				68C351941A68D3860071E283 /* Release */,
			);
			defaultConfigurationIsVisible = 0;
		};
/* End XCConfigurationList section */
	};
	rootObject = 68C351681A68D3850071E283 /* Project object */;
}
