// !$*UTF8*$!
{
	archiveVersion = 1;
	classes = {
	};
	objectVersion = 46;
	objects = {

/* Begin PBXBuildFile section */
		6810D23D1A80803000CBD077 /* AppDelegate.swift in Sources */ = {isa = PBXBuildFile; fileRef = 6810D23C1A80803000CBD077 /* AppDelegate.swift */; };
		6810D23F1A80803000CBD077 /* ViewController.swift in Sources */ = {isa = PBXBuildFile; fileRef = 6810D23E1A80803000CBD077 /* ViewController.swift */; };
		6810D2421A80803000CBD077 /* Main.storyboard in Resources */ = {isa = PBXBuildFile; fileRef = 6810D2401A80803000CBD077 /* Main.storyboard */; };
		6810D2441A80803000CBD077 /* Images.xcassets in Resources */ = {isa = PBXBuildFile; fileRef = 6810D2431A80803000CBD077 /* Images.xcassets */; };
		6810D2471A80803000CBD077 /* LaunchScreen.xib in Resources */ = {isa = PBXBuildFile; fileRef = 6810D2451A80803000CBD077 /* LaunchScreen.xib */; };
		6810D2531A80803000CBD077 /* MultiplePlayersTests.swift in Sources */ = {isa = PBXBuildFile; fileRef = 6810D2521A80803000CBD077 /* MultiplePlayersTests.swift */; };
		6810D25D1A80811B00CBD077 /* AVAudioPlayerPool.swift in Sources */ = {isa = PBXBuildFile; fileRef = 6810D25C1A80811B00CBD077 /* AVAudioPlayerPool.swift */; };
		6810D2621A8083E600CBD077 /* ReceiveMessage.aif in Resources */ = {isa = PBXBuildFile; fileRef = 6810D25F1A8083E600CBD077 /* ReceiveMessage.aif */; };
		6810D2631A8083E600CBD077 /* SendMessage.aif in Resources */ = {isa = PBXBuildFile; fileRef = 6810D2601A8083E600CBD077 /* SendMessage.aif */; };
		6810D2641A8083E600CBD077 /* TestSound.wav in Resources */ = {isa = PBXBuildFile; fileRef = 6810D2611A8083E600CBD077 /* TestSound.wav */; };
/* End PBXBuildFile section */

/* Begin PBXContainerItemProxy section */
		6810D24D1A80803000CBD077 /* PBXContainerItemProxy */ = {
			isa = PBXContainerItemProxy;
			containerPortal = 6810D22F1A80803000CBD077 /* Project object */;
			proxyType = 1;
			remoteGlobalIDString = 6810D2361A80803000CBD077;
			remoteInfo = MultiplePlayers;
		};
/* End PBXContainerItemProxy section */

/* Begin PBXFileReference section */
		6810D2371A80803000CBD077 /* MultiplePlayers.app */ = {isa = PBXFileReference; explicitFileType = wrapper.application; includeInIndex = 0; path = MultiplePlayers.app; sourceTree = BUILT_PRODUCTS_DIR; };
		6810D23B1A80803000CBD077 /* Info.plist */ = {isa = PBXFileReference; lastKnownFileType = text.plist.xml; path = Info.plist; sourceTree = "<group>"; };
		6810D23C1A80803000CBD077 /* AppDelegate.swift */ = {isa = PBXFileReference; lastKnownFileType = sourcecode.swift; path = AppDelegate.swift; sourceTree = "<group>"; };
		6810D23E1A80803000CBD077 /* ViewController.swift */ = {isa = PBXFileReference; lastKnownFileType = sourcecode.swift; path = ViewController.swift; sourceTree = "<group>"; };
		6810D2411A80803000CBD077 /* Base */ = {isa = PBXFileReference; lastKnownFileType = file.storyboard; name = Base; path = Base.lproj/Main.storyboard; sourceTree = "<group>"; };
		6810D2431A80803000CBD077 /* Images.xcassets */ = {isa = PBXFileReference; lastKnownFileType = folder.assetcatalog; path = Images.xcassets; sourceTree = "<group>"; };
		6810D2461A80803000CBD077 /* Base */ = {isa = PBXFileReference; lastKnownFileType = file.xib; name = Base; path = Base.lproj/LaunchScreen.xib; sourceTree = "<group>"; };
		6810D24C1A80803000CBD077 /* MultiplePlayersTests.xctest */ = {isa = PBXFileReference; explicitFileType = wrapper.cfbundle; includeInIndex = 0; path = MultiplePlayersTests.xctest; sourceTree = BUILT_PRODUCTS_DIR; };
		6810D2511A80803000CBD077 /* Info.plist */ = {isa = PBXFileReference; lastKnownFileType = text.plist.xml; path = Info.plist; sourceTree = "<group>"; };
		6810D2521A80803000CBD077 /* MultiplePlayersTests.swift */ = {isa = PBXFileReference; lastKnownFileType = sourcecode.swift; path = MultiplePlayersTests.swift; sourceTree = "<group>"; };
		6810D25C1A80811B00CBD077 /* AVAudioPlayerPool.swift */ = {isa = PBXFileReference; fileEncoding = 4; lastKnownFileType = sourcecode.swift; path = AVAudioPlayerPool.swift; sourceTree = "<group>"; };
		6810D25F1A8083E600CBD077 /* ReceiveMessage.aif */ = {isa = PBXFileReference; lastKnownFileType = file; name = ReceiveMessage.aif; path = "../../../objective-c/sound/Sounds/ReceiveMessage.aif"; sourceTree = "<group>"; };
		6810D2601A8083E600CBD077 /* SendMessage.aif */ = {isa = PBXFileReference; lastKnownFileType = file; name = SendMessage.aif; path = "../../../objective-c/sound/Sounds/SendMessage.aif"; sourceTree = "<group>"; };
		6810D2611A8083E600CBD077 /* TestSound.wav */ = {isa = PBXFileReference; lastKnownFileType = audio.wav; name = TestSound.wav; path = "../../../objective-c/sound/Sounds/TestSound.wav"; sourceTree = "<group>"; };
/* End PBXFileReference section */

/* Begin PBXFrameworksBuildPhase section */
		6810D2341A80803000CBD077 /* Frameworks */ = {
			isa = PBXFrameworksBuildPhase;
			buildActionMask = 2147483647;
			files = (
			);
			runOnlyForDeploymentPostprocessing = 0;
		};
		6810D2491A80803000CBD077 /* Frameworks */ = {
			isa = PBXFrameworksBuildPhase;
			buildActionMask = 2147483647;
			files = (
			);
			runOnlyForDeploymentPostprocessing = 0;
		};
/* End PBXFrameworksBuildPhase section */

/* Begin PBXGroup section */
		6810D22E1A80803000CBD077 = {
			isa = PBXGroup;
			children = (
				6810D25E1A8083D800CBD077 /* Sounds */,
				6810D2391A80803000CBD077 /* MultiplePlayers */,
				6810D24F1A80803000CBD077 /* MultiplePlayersTests */,
				6810D2381A80803000CBD077 /* Products */,
			);
			sourceTree = "<group>";
		};
		6810D2381A80803000CBD077 /* Products */ = {
			isa = PBXGroup;
			children = (
				6810D2371A80803000CBD077 /* MultiplePlayers.app */,
				6810D24C1A80803000CBD077 /* MultiplePlayersTests.xctest */,
			);
			name = Products;
			sourceTree = "<group>";
		};
		6810D2391A80803000CBD077 /* MultiplePlayers */ = {
			isa = PBXGroup;
			children = (
				6810D25C1A80811B00CBD077 /* AVAudioPlayerPool.swift */,
				6810D23C1A80803000CBD077 /* AppDelegate.swift */,
				6810D23E1A80803000CBD077 /* ViewController.swift */,
				6810D2401A80803000CBD077 /* Main.storyboard */,
				6810D2431A80803000CBD077 /* Images.xcassets */,
				6810D2451A80803000CBD077 /* LaunchScreen.xib */,
				6810D23A1A80803000CBD077 /* Supporting Files */,
			);
			path = MultiplePlayers;
			sourceTree = "<group>";
		};
		6810D23A1A80803000CBD077 /* Supporting Files */ = {
			isa = PBXGroup;
			children = (
				6810D23B1A80803000CBD077 /* Info.plist */,
			);
			name = "Supporting Files";
			sourceTree = "<group>";
		};
		6810D24F1A80803000CBD077 /* MultiplePlayersTests */ = {
			isa = PBXGroup;
			children = (
				6810D2521A80803000CBD077 /* MultiplePlayersTests.swift */,
				6810D2501A80803000CBD077 /* Supporting Files */,
			);
			path = MultiplePlayersTests;
			sourceTree = "<group>";
		};
		6810D2501A80803000CBD077 /* Supporting Files */ = {
			isa = PBXGroup;
			children = (
				6810D2511A80803000CBD077 /* Info.plist */,
			);
			name = "Supporting Files";
			sourceTree = "<group>";
		};
		6810D25E1A8083D800CBD077 /* Sounds */ = {
			isa = PBXGroup;
			children = (
				6810D25F1A8083E600CBD077 /* ReceiveMessage.aif */,
				6810D2601A8083E600CBD077 /* SendMessage.aif */,
				6810D2611A8083E600CBD077 /* TestSound.wav */,
			);
			name = Sounds;
			sourceTree = "<group>";
		};
/* End PBXGroup section */

/* Begin PBXNativeTarget section */
		6810D2361A80803000CBD077 /* MultiplePlayers */ = {
			isa = PBXNativeTarget;
			buildConfigurationList = 6810D2561A80803000CBD077 /* Build configuration list for PBXNativeTarget "MultiplePlayers" */;
			buildPhases = (
				6810D2331A80803000CBD077 /* Sources */,
				6810D2341A80803000CBD077 /* Frameworks */,
				6810D2351A80803000CBD077 /* Resources */,
			);
			buildRules = (
			);
			dependencies = (
			);
			name = MultiplePlayers;
			productName = MultiplePlayers;
			productReference = 6810D2371A80803000CBD077 /* MultiplePlayers.app */;
			productType = "com.apple.product-type.application";
		};
		6810D24B1A80803000CBD077 /* MultiplePlayersTests */ = {
			isa = PBXNativeTarget;
			buildConfigurationList = 6810D2591A80803000CBD077 /* Build configuration list for PBXNativeTarget "MultiplePlayersTests" */;
			buildPhases = (
				6810D2481A80803000CBD077 /* Sources */,
				6810D2491A80803000CBD077 /* Frameworks */,
				6810D24A1A80803000CBD077 /* Resources */,
			);
			buildRules = (
			);
			dependencies = (
				6810D24E1A80803000CBD077 /* PBXTargetDependency */,
			);
			name = MultiplePlayersTests;
			productName = MultiplePlayersTests;
			productReference = 6810D24C1A80803000CBD077 /* MultiplePlayersTests.xctest */;
			productType = "com.apple.product-type.bundle.unit-test";
		};
/* End PBXNativeTarget section */

/* Begin PBXProject section */
		6810D22F1A80803000CBD077 /* Project object */ = {
			isa = PBXProject;
			attributes = {
				LastUpgradeCheck = 0610;
				ORGANIZATIONNAME = "Secret Lab";
				TargetAttributes = {
					6810D2361A80803000CBD077 = {
						CreatedOnToolsVersion = 6.1.1;
					};
					6810D24B1A80803000CBD077 = {
						CreatedOnToolsVersion = 6.1.1;
						TestTargetID = 6810D2361A80803000CBD077;
					};
				};
			};
			buildConfigurationList = 6810D2321A80803000CBD077 /* Build configuration list for PBXProject "MultiplePlayers" */;
			compatibilityVersion = "Xcode 3.2";
			developmentRegion = English;
			hasScannedForEncodings = 0;
			knownRegions = (
				en,
				Base,
			);
			mainGroup = 6810D22E1A80803000CBD077;
			productRefGroup = 6810D2381A80803000CBD077 /* Products */;
			projectDirPath = "";
			projectRoot = "";
			targets = (
				6810D2361A80803000CBD077 /* MultiplePlayers */,
				6810D24B1A80803000CBD077 /* MultiplePlayersTests */,
			);
		};
/* End PBXProject section */

/* Begin PBXResourcesBuildPhase section */
		6810D2351A80803000CBD077 /* Resources */ = {
			isa = PBXResourcesBuildPhase;
			buildActionMask = 2147483647;
			files = (
				6810D2641A8083E600CBD077 /* TestSound.wav in Resources */,
				6810D2621A8083E600CBD077 /* ReceiveMessage.aif in Resources */,
				6810D2421A80803000CBD077 /* Main.storyboard in Resources */,
				6810D2631A8083E600CBD077 /* SendMessage.aif in Resources */,
				6810D2471A80803000CBD077 /* LaunchScreen.xib in Resources */,
				6810D2441A80803000CBD077 /* Images.xcassets in Resources */,
			);
			runOnlyForDeploymentPostprocessing = 0;
		};
		6810D24A1A80803000CBD077 /* Resources */ = {
			isa = PBXResourcesBuildPhase;
			buildActionMask = 2147483647;
			files = (
			);
			runOnlyForDeploymentPostprocessing = 0;
		};
/* End PBXResourcesBuildPhase section */

/* Begin PBXSourcesBuildPhase section */
		6810D2331A80803000CBD077 /* Sources */ = {
			isa = PBXSourcesBuildPhase;
			buildActionMask = 2147483647;
			files = (
				6810D23F1A80803000CBD077 /* ViewController.swift in Sources */,
				6810D25D1A80811B00CBD077 /* AVAudioPlayerPool.swift in Sources */,
				6810D23D1A80803000CBD077 /* AppDelegate.swift in Sources */,
			);
			runOnlyForDeploymentPostprocessing = 0;
		};
		6810D2481A80803000CBD077 /* Sources */ = {
			isa = PBXSourcesBuildPhase;
			buildActionMask = 2147483647;
			files = (
				6810D2531A80803000CBD077 /* MultiplePlayersTests.swift in Sources */,
			);
			runOnlyForDeploymentPostprocessing = 0;
		};
/* End PBXSourcesBuildPhase section */

/* Begin PBXTargetDependency section */
		6810D24E1A80803000CBD077 /* PBXTargetDependency */ = {
			isa = PBXTargetDependency;
			target = 6810D2361A80803000CBD077 /* MultiplePlayers */;
			targetProxy = 6810D24D1A80803000CBD077 /* PBXContainerItemProxy */;
		};
/* End PBXTargetDependency section */

/* Begin PBXVariantGroup section */
		6810D2401A80803000CBD077 /* Main.storyboard */ = {
			isa = PBXVariantGroup;
			children = (
				6810D2411A80803000CBD077 /* Base */,
			);
			name = Main.storyboard;
			sourceTree = "<group>";
		};
		6810D2451A80803000CBD077 /* LaunchScreen.xib */ = {
			isa = PBXVariantGroup;
			children = (
				6810D2461A80803000CBD077 /* Base */,
			);
			name = LaunchScreen.xib;
			sourceTree = "<group>";
		};
/* End PBXVariantGroup section */

/* Begin XCBuildConfiguration section */
		6810D2541A80803000CBD077 /* Debug */ = {
			isa = XCBuildConfiguration;
			buildSettings = {
				ALWAYS_SEARCH_USER_PATHS = NO;
				CLANG_CXX_LANGUAGE_STANDARD = "gnu++0x";
				CLANG_CXX_LIBRARY = "libc++";
				CLANG_ENABLE_MODULES = YES;
				CLANG_ENABLE_OBJC_ARC = YES;
				CLANG_WARN_BOOL_CONVERSION = YES;
				CLANG_WARN_CONSTANT_CONVERSION = YES;
				CLANG_WARN_DIRECT_OBJC_ISA_USAGE = YES_ERROR;
				CLANG_WARN_EMPTY_BODY = YES;
				CLANG_WARN_ENUM_CONVERSION = YES;
				CLANG_WARN_INT_CONVERSION = YES;
				CLANG_WARN_OBJC_ROOT_CLASS = YES_ERROR;
				CLANG_WARN_UNREACHABLE_CODE = YES;
				CLANG_WARN__DUPLICATE_METHOD_MATCH = YES;
				"CODE_SIGN_IDENTITY[sdk=iphoneos*]" = "iPhone Developer";
				COPY_PHASE_STRIP = NO;
				ENABLE_STRICT_OBJC_MSGSEND = YES;
				GCC_C_LANGUAGE_STANDARD = gnu99;
				GCC_DYNAMIC_NO_PIC = NO;
				GCC_OPTIMIZATION_LEVEL = 0;
				GCC_PREPROCESSOR_DEFINITIONS = (
					"DEBUG=1",
					"$(inherited)",
				);
				GCC_SYMBOLS_PRIVATE_EXTERN = NO;
				GCC_WARN_64_TO_32_BIT_CONVERSION = YES;
				GCC_WARN_ABOUT_RETURN_TYPE = YES_ERROR;
				GCC_WARN_UNDECLARED_SELECTOR = YES;
				GCC_WARN_UNINITIALIZED_AUTOS = YES_AGGRESSIVE;
				GCC_WARN_UNUSED_FUNCTION = YES;
				GCC_WARN_UNUSED_VARIABLE = YES;
				IPHONEOS_DEPLOYMENT_TARGET = 8.1;
				MTL_ENABLE_DEBUG_INFO = YES;
				ONLY_ACTIVE_ARCH = YES;
				SDKROOT = iphoneos;
				SWIFT_OPTIMIZATION_LEVEL = "-Onone";
			};
			name = Debug;
		};
		6810D2551A80803000CBD077 /* Release */ = {
			isa = XCBuildConfiguration;
			buildSettings = {
				ALWAYS_SEARCH_USER_PATHS = NO;
				CLANG_CXX_LANGUAGE_STANDARD = "gnu++0x";
				CLANG_CXX_LIBRARY = "libc++";
				CLANG_ENABLE_MODULES = YES;
				CLANG_ENABLE_OBJC_ARC = YES;
				CLANG_WARN_BOOL_CONVERSION = YES;
				CLANG_WARN_CONSTANT_CONVERSION = YES;
				CLANG_WARN_DIRECT_OBJC_ISA_USAGE = YES_ERROR;
				CLANG_WARN_EMPTY_BODY = YES;
				CLANG_WARN_ENUM_CONVERSION = YES;
				CLANG_WARN_INT_CONVERSION = YES;
				CLANG_WARN_OBJC_ROOT_CLASS = YES_ERROR;
				CLANG_WARN_UNREACHABLE_CODE = YES;
				CLANG_WARN__DUPLICATE_METHOD_MATCH = YES;
				"CODE_SIGN_IDENTITY[sdk=iphoneos*]" = "iPhone Developer";
				COPY_PHASE_STRIP = YES;
				ENABLE_NS_ASSERTIONS = NO;
				ENABLE_STRICT_OBJC_MSGSEND = YES;
				GCC_C_LANGUAGE_STANDARD = gnu99;
				GCC_WARN_64_TO_32_BIT_CONVERSION = YES;
				GCC_WARN_ABOUT_RETURN_TYPE = YES_ERROR;
				GCC_WARN_UNDECLARED_SELECTOR = YES;
				GCC_WARN_UNINITIALIZED_AUTOS = YES_AGGRESSIVE;
				GCC_WARN_UNUSED_FUNCTION = YES;
				GCC_WARN_UNUSED_VARIABLE = YES;
				IPHONEOS_DEPLOYMENT_TARGET = 8.1;
				MTL_ENABLE_DEBUG_INFO = NO;
				SDKROOT = iphoneos;
				VALIDATE_PRODUCT = YES;
			};
			name = Release;
		};
		6810D2571A80803000CBD077 /* Debug */ = {
			isa = XCBuildConfiguration;
			buildSettings = {
				ASSETCATALOG_COMPILER_APPICON_NAME = AppIcon;
				INFOPLIST_FILE = MultiplePlayers/Info.plist;
				LD_RUNPATH_SEARCH_PATHS = "$(inherited) @executable_path/Frameworks";
				PRODUCT_NAME = "$(TARGET_NAME)";
			};
			name = Debug;
		};
		6810D2581A80803000CBD077 /* Release */ = {
			isa = XCBuildConfiguration;
			buildSettings = {
				ASSETCATALOG_COMPILER_APPICON_NAME = AppIcon;
				INFOPLIST_FILE = MultiplePlayers/Info.plist;
				LD_RUNPATH_SEARCH_PATHS = "$(inherited) @executable_path/Frameworks";
				PRODUCT_NAME = "$(TARGET_NAME)";
			};
			name = Release;
		};
		6810D25A1A80803000CBD077 /* Debug */ = {
			isa = XCBuildConfiguration;
			buildSettings = {
				BUNDLE_LOADER = "$(TEST_HOST)";
				FRAMEWORK_SEARCH_PATHS = (
					"$(SDKROOT)/Developer/Library/Frameworks",
					"$(inherited)",
				);
				GCC_PREPROCESSOR_DEFINITIONS = (
					"DEBUG=1",
					"$(inherited)",
				);
				INFOPLIST_FILE = MultiplePlayersTests/Info.plist;
				LD_RUNPATH_SEARCH_PATHS = "$(inherited) @executable_path/Frameworks @loader_path/Frameworks";
				PRODUCT_NAME = "$(TARGET_NAME)";
				TEST_HOST = "$(BUILT_PRODUCTS_DIR)/MultiplePlayers.app/MultiplePlayers";
			};
			name = Debug;
		};
		6810D25B1A80803000CBD077 /* Release */ = {
			isa = XCBuildConfiguration;
			buildSettings = {
				BUNDLE_LOADER = "$(TEST_HOST)";
				FRAMEWORK_SEARCH_PATHS = (
					"$(SDKROOT)/Developer/Library/Frameworks",
					"$(inherited)",
				);
				INFOPLIST_FILE = MultiplePlayersTests/Info.plist;
				LD_RUNPATH_SEARCH_PATHS = "$(inherited) @executable_path/Frameworks @loader_path/Frameworks";
				PRODUCT_NAME = "$(TARGET_NAME)";
				TEST_HOST = "$(BUILT_PRODUCTS_DIR)/MultiplePlayers.app/MultiplePlayers";
			};
			name = Release;
		};
/* End XCBuildConfiguration section */

/* Begin XCConfigurationList section */
		6810D2321A80803000CBD077 /* Build configuration list for PBXProject "MultiplePlayers" */ = {
			isa = XCConfigurationList;
			buildConfigurations = (
				6810D2541A80803000CBD077 /* Debug */,
				6810D2551A80803000CBD077 /* Release */,
			);
			defaultConfigurationIsVisible = 0;
			defaultConfigurationName = Release;
		};
		6810D2561A80803000CBD077 /* Build configuration list for PBXNativeTarget "MultiplePlayers" */ = {
			isa = XCConfigurationList;
			buildConfigurations = (
				6810D2571A80803000CBD077 /* Debug */,
				6810D2581A80803000CBD077 /* Release */,
			);
			defaultConfigurationIsVisible = 0;
		};
		6810D2591A80803000CBD077 /* Build configuration list for PBXNativeTarget "MultiplePlayersTests" */ = {
			isa = XCConfigurationList;
			buildConfigurations = (
				6810D25A1A80803000CBD077 /* Debug */,
				6810D25B1A80803000CBD077 /* Release */,
			);
			defaultConfigurationIsVisible = 0;
		};
/* End XCConfigurationList section */
	};
	rootObject = 6810D22F1A80803000CBD077 /* Project object */;
}
