// !$*UTF8*$!
{
	archiveVersion = 1;
	classes = {
	};
	objectVersion = 46;
	objects = {

/* Begin PBXBuildFile section */
		688C6CFC1A662A9A00B9D74B /* AppDelegate.swift in Sources */ = {isa = PBXBuildFile; fileRef = 688C6CFB1A662A9A00B9D74B /* AppDelegate.swift */; };
		688C6CFE1A662A9A00B9D74B /* ViewController.swift in Sources */ = {isa = PBXBuildFile; fileRef = 688C6CFD1A662A9A00B9D74B /* ViewController.swift */; };
		688C6D011A662A9A00B9D74B /* Main.storyboard in Resources */ = {isa = PBXBuildFile; fileRef = 688C6CFF1A662A9A00B9D74B /* Main.storyboard */; };
		688C6D031A662A9A00B9D74B /* Images.xcassets in Resources */ = {isa = PBXBuildFile; fileRef = 688C6D021A662A9A00B9D74B /* Images.xcassets */; };
		688C6D061A662A9A00B9D74B /* LaunchScreen.xib in Resources */ = {isa = PBXBuildFile; fileRef = 688C6D041A662A9A00B9D74B /* LaunchScreen.xib */; };
		688C6D121A662A9A00B9D74B /* ThemingTests.swift in Sources */ = {isa = PBXBuildFile; fileRef = 688C6D111A662A9A00B9D74B /* ThemingTests.swift */; };
/* End PBXBuildFile section */

/* Begin PBXContainerItemProxy section */
		688C6D0C1A662A9A00B9D74B /* PBXContainerItemProxy */ = {
			isa = PBXContainerItemProxy;
			containerPortal = 688C6CEE1A662A9A00B9D74B /* Project object */;
			proxyType = 1;
			remoteGlobalIDString = 688C6CF51A662A9A00B9D74B;
			remoteInfo = Theming;
		};
/* End PBXContainerItemProxy section */

/* Begin PBXFileReference section */
		688C6CF61A662A9A00B9D74B /* Theming.app */ = {isa = PBXFileReference; explicitFileType = wrapper.application; includeInIndex = 0; path = Theming.app; sourceTree = BUILT_PRODUCTS_DIR; };
		688C6CFA1A662A9A00B9D74B /* Info.plist */ = {isa = PBXFileReference; lastKnownFileType = text.plist.xml; path = Info.plist; sourceTree = "<group>"; };
		688C6CFB1A662A9A00B9D74B /* AppDelegate.swift */ = {isa = PBXFileReference; lastKnownFileType = sourcecode.swift; path = AppDelegate.swift; sourceTree = "<group>"; };
		688C6CFD1A662A9A00B9D74B /* ViewController.swift */ = {isa = PBXFileReference; lastKnownFileType = sourcecode.swift; path = ViewController.swift; sourceTree = "<group>"; };
		688C6D001A662A9A00B9D74B /* Base */ = {isa = PBXFileReference; lastKnownFileType = file.storyboard; name = Base; path = Base.lproj/Main.storyboard; sourceTree = "<group>"; };
		688C6D021A662A9A00B9D74B /* Images.xcassets */ = {isa = PBXFileReference; lastKnownFileType = folder.assetcatalog; path = Images.xcassets; sourceTree = "<group>"; };
		688C6D051A662A9A00B9D74B /* Base */ = {isa = PBXFileReference; lastKnownFileType = file.xib; name = Base; path = Base.lproj/LaunchScreen.xib; sourceTree = "<group>"; };
		688C6D0B1A662A9A00B9D74B /* ThemingTests.xctest */ = {isa = PBXFileReference; explicitFileType = wrapper.cfbundle; includeInIndex = 0; path = ThemingTests.xctest; sourceTree = BUILT_PRODUCTS_DIR; };
		688C6D101A662A9A00B9D74B /* Info.plist */ = {isa = PBXFileReference; lastKnownFileType = text.plist.xml; path = Info.plist; sourceTree = "<group>"; };
		688C6D111A662A9A00B9D74B /* ThemingTests.swift */ = {isa = PBXFileReference; lastKnownFileType = sourcecode.swift; path = ThemingTests.swift; sourceTree = "<group>"; };
/* End PBXFileReference section */

/* Begin PBXFrameworksBuildPhase section */
		688C6CF31A662A9A00B9D74B /* Frameworks */ = {
			isa = PBXFrameworksBuildPhase;
			buildActionMask = 2147483647;
			files = (
			);
			runOnlyForDeploymentPostprocessing = 0;
		};
		688C6D081A662A9A00B9D74B /* Frameworks */ = {
			isa = PBXFrameworksBuildPhase;
			buildActionMask = 2147483647;
			files = (
			);
			runOnlyForDeploymentPostprocessing = 0;
		};
/* End PBXFrameworksBuildPhase section */

/* Begin PBXGroup section */
		688C6CED1A662A9A00B9D74B = {
			isa = PBXGroup;
			children = (
				688C6CF81A662A9A00B9D74B /* Theming */,
				688C6D0E1A662A9A00B9D74B /* ThemingTests */,
				688C6CF71A662A9A00B9D74B /* Products */,
			);
			sourceTree = "<group>";
		};
		688C6CF71A662A9A00B9D74B /* Products */ = {
			isa = PBXGroup;
			children = (
				688C6CF61A662A9A00B9D74B /* Theming.app */,
				688C6D0B1A662A9A00B9D74B /* ThemingTests.xctest */,
			);
			name = Products;
			sourceTree = "<group>";
		};
		688C6CF81A662A9A00B9D74B /* Theming */ = {
			isa = PBXGroup;
			children = (
				688C6CFB1A662A9A00B9D74B /* AppDelegate.swift */,
				688C6CFD1A662A9A00B9D74B /* ViewController.swift */,
				688C6CFF1A662A9A00B9D74B /* Main.storyboard */,
				688C6D021A662A9A00B9D74B /* Images.xcassets */,
				688C6D041A662A9A00B9D74B /* LaunchScreen.xib */,
				688C6CF91A662A9A00B9D74B /* Supporting Files */,
			);
			path = Theming;
			sourceTree = "<group>";
		};
		688C6CF91A662A9A00B9D74B /* Supporting Files */ = {
			isa = PBXGroup;
			children = (
				688C6CFA1A662A9A00B9D74B /* Info.plist */,
			);
			name = "Supporting Files";
			sourceTree = "<group>";
		};
		688C6D0E1A662A9A00B9D74B /* ThemingTests */ = {
			isa = PBXGroup;
			children = (
				688C6D111A662A9A00B9D74B /* ThemingTests.swift */,
				688C6D0F1A662A9A00B9D74B /* Supporting Files */,
			);
			path = ThemingTests;
			sourceTree = "<group>";
		};
		688C6D0F1A662A9A00B9D74B /* Supporting Files */ = {
			isa = PBXGroup;
			children = (
				688C6D101A662A9A00B9D74B /* Info.plist */,
			);
			name = "Supporting Files";
			sourceTree = "<group>";
		};
/* End PBXGroup section */

/* Begin PBXNativeTarget section */
		688C6CF51A662A9A00B9D74B /* Theming */ = {
			isa = PBXNativeTarget;
			buildConfigurationList = 688C6D151A662A9A00B9D74B /* Build configuration list for PBXNativeTarget "Theming" */;
			buildPhases = (
				688C6CF21A662A9A00B9D74B /* Sources */,
				688C6CF31A662A9A00B9D74B /* Frameworks */,
				688C6CF41A662A9A00B9D74B /* Resources */,
			);
			buildRules = (
			);
			dependencies = (
			);
			name = Theming;
			productName = Theming;
			productReference = 688C6CF61A662A9A00B9D74B /* Theming.app */;
			productType = "com.apple.product-type.application";
		};
		688C6D0A1A662A9A00B9D74B /* ThemingTests */ = {
			isa = PBXNativeTarget;
			buildConfigurationList = 688C6D181A662A9A00B9D74B /* Build configuration list for PBXNativeTarget "ThemingTests" */;
			buildPhases = (
				688C6D071A662A9A00B9D74B /* Sources */,
				688C6D081A662A9A00B9D74B /* Frameworks */,
				688C6D091A662A9A00B9D74B /* Resources */,
			);
			buildRules = (
			);
			dependencies = (
				688C6D0D1A662A9A00B9D74B /* PBXTargetDependency */,
			);
			name = ThemingTests;
			productName = ThemingTests;
			productReference = 688C6D0B1A662A9A00B9D74B /* ThemingTests.xctest */;
			productType = "com.apple.product-type.bundle.unit-test";
		};
/* End PBXNativeTarget section */

/* Begin PBXProject section */
		688C6CEE1A662A9A00B9D74B /* Project object */ = {
			isa = PBXProject;
			attributes = {
				LastUpgradeCheck = 0610;
				ORGANIZATIONNAME = "Secret Lab";
				TargetAttributes = {
					688C6CF51A662A9A00B9D74B = {
						CreatedOnToolsVersion = 6.1.1;
					};
					688C6D0A1A662A9A00B9D74B = {
						CreatedOnToolsVersion = 6.1.1;
						TestTargetID = 688C6CF51A662A9A00B9D74B;
					};
				};
			};
			buildConfigurationList = 688C6CF11A662A9A00B9D74B /* Build configuration list for PBXProject "Theming" */;
			compatibilityVersion = "Xcode 3.2";
			developmentRegion = English;
			hasScannedForEncodings = 0;
			knownRegions = (
				en,
				Base,
			);
			mainGroup = 688C6CED1A662A9A00B9D74B;
			productRefGroup = 688C6CF71A662A9A00B9D74B /* Products */;
			projectDirPath = "";
			projectRoot = "";
			targets = (
				688C6CF51A662A9A00B9D74B /* Theming */,
				688C6D0A1A662A9A00B9D74B /* ThemingTests */,
			);
		};
/* End PBXProject section */

/* Begin PBXResourcesBuildPhase section */
		688C6CF41A662A9A00B9D74B /* Resources */ = {
			isa = PBXResourcesBuildPhase;
			buildActionMask = 2147483647;
			files = (
				688C6D011A662A9A00B9D74B /* Main.storyboard in Resources */,
				688C6D061A662A9A00B9D74B /* LaunchScreen.xib in Resources */,
				688C6D031A662A9A00B9D74B /* Images.xcassets in Resources */,
			);
			runOnlyForDeploymentPostprocessing = 0;
		};
		688C6D091A662A9A00B9D74B /* Resources */ = {
			isa = PBXResourcesBuildPhase;
			buildActionMask = 2147483647;
			files = (
			);
			runOnlyForDeploymentPostprocessing = 0;
		};
/* End PBXResourcesBuildPhase section */

/* Begin PBXSourcesBuildPhase section */
		688C6CF21A662A9A00B9D74B /* Sources */ = {
			isa = PBXSourcesBuildPhase;
			buildActionMask = 2147483647;
			files = (
				688C6CFE1A662A9A00B9D74B /* ViewController.swift in Sources */,
				688C6CFC1A662A9A00B9D74B /* AppDelegate.swift in Sources */,
			);
			runOnlyForDeploymentPostprocessing = 0;
		};
		688C6D071A662A9A00B9D74B /* Sources */ = {
			isa = PBXSourcesBuildPhase;
			buildActionMask = 2147483647;
			files = (
				688C6D121A662A9A00B9D74B /* ThemingTests.swift in Sources */,
			);
			runOnlyForDeploymentPostprocessing = 0;
		};
/* End PBXSourcesBuildPhase section */

/* Begin PBXTargetDependency section */
		688C6D0D1A662A9A00B9D74B /* PBXTargetDependency */ = {
			isa = PBXTargetDependency;
			target = 688C6CF51A662A9A00B9D74B /* Theming */;
			targetProxy = 688C6D0C1A662A9A00B9D74B /* PBXContainerItemProxy */;
		};
/* End PBXTargetDependency section */

/* Begin PBXVariantGroup section */
		688C6CFF1A662A9A00B9D74B /* Main.storyboard */ = {
			isa = PBXVariantGroup;
			children = (
				688C6D001A662A9A00B9D74B /* Base */,
			);
			name = Main.storyboard;
			sourceTree = "<group>";
		};
		688C6D041A662A9A00B9D74B /* LaunchScreen.xib */ = {
			isa = PBXVariantGroup;
			children = (
				688C6D051A662A9A00B9D74B /* Base */,
			);
			name = LaunchScreen.xib;
			sourceTree = "<group>";
		};
/* End PBXVariantGroup section */

/* Begin XCBuildConfiguration section */
		688C6D131A662A9A00B9D74B /* Debug */ = {
			isa = XCBuildConfiguration;
			buildSettings = {
				ALWAYS_SEARCH_USER_PATHS = NO;
				CLANG_CXX_LANGUAGE_STANDARD = "gnu++0x";
				CLANG_CXX_LIBRARY = "libc++";
				CLANG_ENABLE_MODULES = YES;
				CLANG_ENABLE_OBJC_ARC = YES;
				CLANG_WARN_BOOL_CONVERSION = YES;
				CLANG_WARN_CONSTANT_CONVERSION = YES;
				CLANG_WARN_DIRECT_OBJC_ISA_USAGE = YES_ERROR;
				CLANG_WARN_EMPTY_BODY = YES;
				CLANG_WARN_ENUM_CONVERSION = YES;
				CLANG_WARN_INT_CONVERSION = YES;
				CLANG_WARN_OBJC_ROOT_CLASS = YES_ERROR;
				CLANG_WARN_UNREACHABLE_CODE = YES;
				CLANG_WARN__DUPLICATE_METHOD_MATCH = YES;
				"CODE_SIGN_IDENTITY[sdk=iphoneos*]" = "iPhone Developer";
				COPY_PHASE_STRIP = NO;
				ENABLE_STRICT_OBJC_MSGSEND = YES;
				GCC_C_LANGUAGE_STANDARD = gnu99;
				GCC_DYNAMIC_NO_PIC = NO;
				GCC_OPTIMIZATION_LEVEL = 0;
				GCC_PREPROCESSOR_DEFINITIONS = (
					"DEBUG=1",
					"$(inherited)",
				);
				GCC_SYMBOLS_PRIVATE_EXTERN = NO;
				GCC_WARN_64_TO_32_BIT_CONVERSION = YES;
				GCC_WARN_ABOUT_RETURN_TYPE = YES_ERROR;
				GCC_WARN_UNDECLARED_SELECTOR = YES;
				GCC_WARN_UNINITIALIZED_AUTOS = YES_AGGRESSIVE;
				GCC_WARN_UNUSED_FUNCTION = YES;
				GCC_WARN_UNUSED_VARIABLE = YES;
				IPHONEOS_DEPLOYMENT_TARGET = 8.1;
				MTL_ENABLE_DEBUG_INFO = YES;
				ONLY_ACTIVE_ARCH = YES;
				SDKROOT = iphoneos;
				SWIFT_OPTIMIZATION_LEVEL = "-Onone";
			};
			name = Debug;
		};
		688C6D141A662A9A00B9D74B /* Release */ = {
			isa = XCBuildConfiguration;
			buildSettings = {
				ALWAYS_SEARCH_USER_PATHS = NO;
				CLANG_CXX_LANGUAGE_STANDARD = "gnu++0x";
				CLANG_CXX_LIBRARY = "libc++";
				CLANG_ENABLE_MODULES = YES;
				CLANG_ENABLE_OBJC_ARC = YES;
				CLANG_WARN_BOOL_CONVERSION = YES;
				CLANG_WARN_CONSTANT_CONVERSION = YES;
				CLANG_WARN_DIRECT_OBJC_ISA_USAGE = YES_ERROR;
				CLANG_WARN_EMPTY_BODY = YES;
				CLANG_WARN_ENUM_CONVERSION = YES;
				CLANG_WARN_INT_CONVERSION = YES;
				CLANG_WARN_OBJC_ROOT_CLASS = YES_ERROR;
				CLANG_WARN_UNREACHABLE_CODE = YES;
				CLANG_WARN__DUPLICATE_METHOD_MATCH = YES;
				"CODE_SIGN_IDENTITY[sdk=iphoneos*]" = "iPhone Developer";
				COPY_PHASE_STRIP = YES;
				ENABLE_NS_ASSERTIONS = NO;
				ENABLE_STRICT_OBJC_MSGSEND = YES;
				GCC_C_LANGUAGE_STANDARD = gnu99;
				GCC_WARN_64_TO_32_BIT_CONVERSION = YES;
				GCC_WARN_ABOUT_RETURN_TYPE = YES_ERROR;
				GCC_WARN_UNDECLARED_SELECTOR = YES;
				GCC_WARN_UNINITIALIZED_AUTOS = YES_AGGRESSIVE;
				GCC_WARN_UNUSED_FUNCTION = YES;
				GCC_WARN_UNUSED_VARIABLE = YES;
				IPHONEOS_DEPLOYMENT_TARGET = 8.1;
				MTL_ENABLE_DEBUG_INFO = NO;
				SDKROOT = iphoneos;
				VALIDATE_PRODUCT = YES;
			};
			name = Release;
		};
		688C6D161A662A9A00B9D74B /* Debug */ = {
			isa = XCBuildConfiguration;
			buildSettings = {
				ASSETCATALOG_COMPILER_APPICON_NAME = AppIcon;
				INFOPLIST_FILE = Theming/Info.plist;
				LD_RUNPATH_SEARCH_PATHS = "$(inherited) @executable_path/Frameworks";
				PRODUCT_NAME = "$(TARGET_NAME)";
			};
			name = Debug;
		};
		688C6D171A662A9A00B9D74B /* Release */ = {
			isa = XCBuildConfiguration;
			buildSettings = {
				ASSETCATALOG_COMPILER_APPICON_NAME = AppIcon;
				INFOPLIST_FILE = Theming/Info.plist;
				LD_RUNPATH_SEARCH_PATHS = "$(inherited) @executable_path/Frameworks";
				PRODUCT_NAME = "$(TARGET_NAME)";
			};
			name = Release;
		};
		688C6D191A662A9A00B9D74B /* Debug */ = {
			isa = XCBuildConfiguration;
			buildSettings = {
				BUNDLE_LOADER = "$(TEST_HOST)";
				FRAMEWORK_SEARCH_PATHS = (
					"$(SDKROOT)/Developer/Library/Frameworks",
					"$(inherited)",
				);
				GCC_PREPROCESSOR_DEFINITIONS = (
					"DEBUG=1",
					"$(inherited)",
				);
				INFOPLIST_FILE = ThemingTests/Info.plist;
				LD_RUNPATH_SEARCH_PATHS = "$(inherited) @executable_path/Frameworks @loader_path/Frameworks";
				PRODUCT_NAME = "$(TARGET_NAME)";
				TEST_HOST = "$(BUILT_PRODUCTS_DIR)/Theming.app/Theming";
			};
			name = Debug;
		};
		688C6D1A1A662A9A00B9D74B /* Release */ = {
			isa = XCBuildConfiguration;
			buildSettings = {
				BUNDLE_LOADER = "$(TEST_HOST)";
				FRAMEWORK_SEARCH_PATHS = (
					"$(SDKROOT)/Developer/Library/Frameworks",
					"$(inherited)",
				);
				INFOPLIST_FILE = ThemingTests/Info.plist;
				LD_RUNPATH_SEARCH_PATHS = "$(inherited) @executable_path/Frameworks @loader_path/Frameworks";
				PRODUCT_NAME = "$(TARGET_NAME)";
				TEST_HOST = "$(BUILT_PRODUCTS_DIR)/Theming.app/Theming";
			};
			name = Release;
		};
/* End XCBuildConfiguration section */

/* Begin XCConfigurationList section */
		688C6CF11A662A9A00B9D74B /* Build configuration list for PBXProject "Theming" */ = {
			isa = XCConfigurationList;
			buildConfigurations = (
				688C6D131A662A9A00B9D74B /* Debug */,
				688C6D141A662A9A00B9D74B /* Release */,
			);
			defaultConfigurationIsVisible = 0;
			defaultConfigurationName = Release;
		};
		688C6D151A662A9A00B9D74B /* Build configuration list for PBXNativeTarget "Theming" */ = {
			isa = XCConfigurationList;
			buildConfigurations = (
				688C6D161A662A9A00B9D74B /* Debug */,
				688C6D171A662A9A00B9D74B /* Release */,
			);
			defaultConfigurationIsVisible = 0;
		};
		688C6D181A662A9A00B9D74B /* Build configuration list for PBXNativeTarget "ThemingTests" */ = {
			isa = XCConfigurationList;
			buildConfigurations = (
				688C6D191A662A9A00B9D74B /* Debug */,
				688C6D1A1A662A9A00B9D74B /* Release */,
			);
			defaultConfigurationIsVisible = 0;
		};
/* End XCConfigurationList section */
	};
	rootObject = 688C6CEE1A662A9A00B9D74B /* Project object */;
}
